// !$*UTF8*$!
{
	archiveVersion = 1;
	classes = {
	};
	objectVersion = 46;
	objects = {

/* Begin PBXBuildFile section */
		4A21A0BF1DD6E29100A6DF11 /* coreAnimationListViewController.m in Sources */ = {isa = PBXBuildFile; fileRef = 4A21A0BE1DD6E29100A6DF11 /* coreAnimationListViewController.m */; };
		4A21A0C31DD6E89200A6DF11 /* baseAnimationViewController.m in Sources */ = {isa = PBXBuildFile; fileRef = 4A21A0C21DD6E89200A6DF11 /* baseAnimationViewController.m */; };
		4A21A0CE1DD6EB5E00A6DF11 /* baseViewController.m in Sources */ = {isa = PBXBuildFile; fileRef = 4A21A0CD1DD6EB5E00A6DF11 /* baseViewController.m */; };
		4A21A0D21DD6EC0300A6DF11 /* TitleButton.m in Sources */ = {isa = PBXBuildFile; fileRef = 4A21A0D11DD6EC0300A6DF11 /* TitleButton.m */; };
		4A3643F11DDEADA000477DE2 /* comprehensiveCaseViewController.m in Sources */ = {isa = PBXBuildFile; fileRef = 4A3643F01DDEADA000477DE2 /* comprehensiveCaseViewController.m */; };
		4A43A36C1DA8D4DA00C22E2A /* UIButton+Delay.m in Sources */ = {isa = PBXBuildFile; fileRef = 4A43A3691DA8D4DA00C22E2A /* UIButton+Delay.m */; };
		4A43A36D1DA8D4DA00C22E2A /* UIButton+touch.m in Sources */ = {isa = PBXBuildFile; fileRef = 4A43A36B1DA8D4DA00C22E2A /* UIButton+touch.m */; };
		4A43A3721DA8DABA00C22E2A /* UIImage+Color.m in Sources */ = {isa = PBXBuildFile; fileRef = 4A43A3711DA8DABA00C22E2A /* UIImage+Color.m */; };
		4A43A3761DA8DBAA00C22E2A /* JYSolidColorButton.m in Sources */ = {isa = PBXBuildFile; fileRef = 4A43A3751DA8DBAA00C22E2A /* JYSolidColorButton.m */; };
		4A503FFB1D82A241001F1D7A /* LayoutTextView.m in Sources */ = {isa = PBXBuildFile; fileRef = 4A503FFA1D82A241001F1D7A /* LayoutTextView.m */; };
		4A50401A1D82A352001F1D7A /* EmojiToolBar.m in Sources */ = {isa = PBXBuildFile; fileRef = 4A5040001D82A352001F1D7A /* EmojiToolBar.m */; };
		4A50401B1D82A352001F1D7A /* EmojiCell.m in Sources */ = {isa = PBXBuildFile; fileRef = 4A5040031D82A352001F1D7A /* EmojiCell.m */; };
		4A50401C1D82A352001F1D7A /* EmojiCollectionView.m in Sources */ = {isa = PBXBuildFile; fileRef = 4A5040051D82A352001F1D7A /* EmojiCollectionView.m */; };
		4A50401D1D82A352001F1D7A /* SinglePageEmojiCell.m in Sources */ = {isa = PBXBuildFile; fileRef = 4A5040071D82A352001F1D7A /* SinglePageEmojiCell.m */; };
		4A50401E1D82A352001F1D7A /* HCEmojiKeyboard.m in Sources */ = {isa = PBXBuildFile; fileRef = 4A5040091D82A352001F1D7A /* HCEmojiKeyboard.m */; };
		4A50401F1D82A352001F1D7A /* HCEmojiManager.m in Sources */ = {isa = PBXBuildFile; fileRef = 4A50400B1D82A352001F1D7A /* HCEmojiManager.m */; };
		4A5040201D82A352001F1D7A /* ExpandingCell.m in Sources */ = {isa = PBXBuildFile; fileRef = 4A50400F1D82A352001F1D7A /* ExpandingCell.m */; };
		4A5040211D82A352001F1D7A /* HCInputBar.m in Sources */ = {isa = PBXBuildFile; fileRef = 4A5040111D82A352001F1D7A /* HCInputBar.m */; };
		4A5040221D82A352001F1D7A /* Resources.bundle in Resources */ = {isa = PBXBuildFile; fileRef = 4A5040121D82A352001F1D7A /* Resources.bundle */; };
		4A5040231D82A352001F1D7A /* UIColor+MyColor.m in Sources */ = {isa = PBXBuildFile; fileRef = 4A5040151D82A352001F1D7A /* UIColor+MyColor.m */; };
		4A5040241D82A352001F1D7A /* UIFont+MyFont.m in Sources */ = {isa = PBXBuildFile; fileRef = 4A5040171D82A352001F1D7A /* UIFont+MyFont.m */; };
		4A5040251D82A352001F1D7A /* UIView+Frame.m in Sources */ = {isa = PBXBuildFile; fileRef = 4A5040191D82A352001F1D7A /* UIView+Frame.m */; };
		4A69AC4A1DDEF72000957C7B /* DCPathButton.m in Sources */ = {isa = PBXBuildFile; fileRef = 4A69AC451DDEF72000957C7B /* DCPathButton.m */; };
		4A69AC4B1DDEF72000957C7B /* DCPathCenterButton.m in Sources */ = {isa = PBXBuildFile; fileRef = 4A69AC471DDEF72000957C7B /* DCPathCenterButton.m */; };
		4A69AC4C1DDEF72000957C7B /* DCPathItemButton.m in Sources */ = {isa = PBXBuildFile; fileRef = 4A69AC491DDEF72000957C7B /* DCPathItemButton.m */; };
		4A69AC611DDEF89200957C7B /* chooser-button-input-highlighted@2x.png in Resources */ = {isa = PBXBuildFile; fileRef = 4A69AC4E1DDEF89200957C7B /* chooser-button-input-highlighted@2x.png */; };
		4A69AC621DDEF89200957C7B /* chooser-button-input@2x.png in Resources */ = {isa = PBXBuildFile; fileRef = 4A69AC4F1DDEF89200957C7B /* chooser-button-input@2x.png */; };
		4A69AC631DDEF89200957C7B /* chooser-button-tab-highlighted@2x.png in Resources */ = {isa = PBXBuildFile; fileRef = 4A69AC501DDEF89200957C7B /* chooser-button-tab-highlighted@2x.png */; };
		4A69AC641DDEF89200957C7B /* chooser-button-tab@2x.png in Resources */ = {isa = PBXBuildFile; fileRef = 4A69AC511DDEF89200957C7B /* chooser-button-tab@2x.png */; };
		4A69AC651DDEF89200957C7B /* chooser-moment-button-highlighted@2x.png in Resources */ = {isa = PBXBuildFile; fileRef = 4A69AC521DDEF89200957C7B /* chooser-moment-button-highlighted@2x.png */; };
		4A69AC661DDEF89200957C7B /* chooser-moment-button@2x.png in Resources */ = {isa = PBXBuildFile; fileRef = 4A69AC531DDEF89200957C7B /* chooser-moment-button@2x.png */; };
		4A69AC671DDEF89200957C7B /* chooser-moment-icon-camera-highlighted@2x.png in Resources */ = {isa = PBXBuildFile; fileRef = 4A69AC541DDEF89200957C7B /* chooser-moment-icon-camera-highlighted@2x.png */; };
		4A69AC681DDEF89200957C7B /* chooser-moment-icon-camera@2x.png in Resources */ = {isa = PBXBuildFile; fileRef = 4A69AC551DDEF89200957C7B /* chooser-moment-icon-camera@2x.png */; };
		4A69AC691DDEF89200957C7B /* chooser-moment-icon-music-highlighted@2x.png in Resources */ = {isa = PBXBuildFile; fileRef = 4A69AC561DDEF89200957C7B /* chooser-moment-icon-music-highlighted@2x.png */; };
		4A69AC6A1DDEF89200957C7B /* chooser-moment-icon-music@2x.png in Resources */ = {isa = PBXBuildFile; fileRef = 4A69AC571DDEF89200957C7B /* chooser-moment-icon-music@2x.png */; };
		4A69AC6B1DDEF89200957C7B /* chooser-moment-icon-place-highlighted@2x.png in Resources */ = {isa = PBXBuildFile; fileRef = 4A69AC581DDEF89200957C7B /* chooser-moment-icon-place-highlighted@2x.png */; };
		4A69AC6C1DDEF89200957C7B /* chooser-moment-icon-place@2x.png in Resources */ = {isa = PBXBuildFile; fileRef = 4A69AC591DDEF89200957C7B /* chooser-moment-icon-place@2x.png */; };
		4A69AC6D1DDEF89200957C7B /* chooser-moment-icon-sleep-highlighted@2x.png in Resources */ = {isa = PBXBuildFile; fileRef = 4A69AC5A1DDEF89200957C7B /* chooser-moment-icon-sleep-highlighted@2x.png */; };
		4A69AC6E1DDEF89200957C7B /* chooser-moment-icon-sleep@2x.png in Resources */ = {isa = PBXBuildFile; fileRef = 4A69AC5B1DDEF89200957C7B /* chooser-moment-icon-sleep@2x.png */; };
		4A69AC6F1DDEF89200957C7B /* chooser-moment-icon-thought-highlighted@2x.png in Resources */ = {isa = PBXBuildFile; fileRef = 4A69AC5C1DDEF89200957C7B /* chooser-moment-icon-thought-highlighted@2x.png */; };
		4A69AC701DDEF89200957C7B /* chooser-moment-icon-thought@2x.png in Resources */ = {isa = PBXBuildFile; fileRef = 4A69AC5D1DDEF89200957C7B /* chooser-moment-icon-thought@2x.png */; };
		4A69AC711DDEF89200957C7B /* Like-Blue@2x.png in Resources */ = {isa = PBXBuildFile; fileRef = 4A69AC5E1DDEF89200957C7B /* Like-Blue@2x.png */; };
		4A69AC721DDEF89200957C7B /* Like@2x.png in Resources */ = {isa = PBXBuildFile; fileRef = 4A69AC5F1DDEF89200957C7B /* Like@2x.png */; };
		4A69AC731DDEF89200957C7B /* Sparkle.png in Resources */ = {isa = PBXBuildFile; fileRef = 4A69AC601DDEF89200957C7B /* Sparkle.png */; };
		4A69AC781DDEF89D00957C7B /* bloom.caf in Resources */ = {isa = PBXBuildFile; fileRef = 4A69AC751DDEF89D00957C7B /* bloom.caf */; };
		4A69AC791DDEF89D00957C7B /* fold.caf in Resources */ = {isa = PBXBuildFile; fileRef = 4A69AC761DDEF89D00957C7B /* fold.caf */; };
		4A69AC7A1DDEF89D00957C7B /* selected.caf in Resources */ = {isa = PBXBuildFile; fileRef = 4A69AC771DDEF89D00957C7B /* selected.caf */; };
		4A7E8C421DE05CF500EBC0BC /* testView.m in Sources */ = {isa = PBXBuildFile; fileRef = 4A7E8C411DE05CF500EBC0BC /* testView.m */; };
		4A7F856B1DE016C2001F4EC7 /* DWBubbleMenuButton.m in Sources */ = {isa = PBXBuildFile; fileRef = 4A7F856A1DE016C2001F4EC7 /* DWBubbleMenuButton.m */; };
		4A7F85711DE016DD001F4EC7 /* MCFireworksButton.m in Sources */ = {isa = PBXBuildFile; fileRef = 4A7F856E1DE016DD001F4EC7 /* MCFireworksButton.m */; };
		4A7F85721DE016DD001F4EC7 /* MCFireworksView.m in Sources */ = {isa = PBXBuildFile; fileRef = 4A7F85701DE016DD001F4EC7 /* MCFireworksView.m */; };
		4A7F85741DE021ED001F4EC7 /* text.png in Resources */ = {isa = PBXBuildFile; fileRef = 4A7F85731DE021ED001F4EC7 /* text.png */; };
		4A7F85781DE026B4001F4EC7 /* yaWeiImageViewController.m in Sources */ = {isa = PBXBuildFile; fileRef = 4A7F85771DE026B4001F4EC7 /* yaWeiImageViewController.m */; };
		4A7F857C1DE027B6001F4EC7 /* A-GuideToIOSAnimationViewController.m in Sources */ = {isa = PBXBuildFile; fileRef = 4A7F857B1DE027B6001F4EC7 /* A-GuideToIOSAnimationViewController.m */; };
		4AB55DBF1DD6FFAF00FF89B6 /* keyFrameAnimationViewController.m in Sources */ = {isa = PBXBuildFile; fileRef = 4AB55DBE1DD6FFAF00FF89B6 /* keyFrameAnimationViewController.m */; };
		4AB55DC31DD709C400FF89B6 /* groupAnimationViewController.m in Sources */ = {isa = PBXBuildFile; fileRef = 4AB55DC21DD709C400FF89B6 /* groupAnimationViewController.m */; };
		4ABDF9971D685C060074C249 /* main.m in Sources */ = {isa = PBXBuildFile; fileRef = 4ABDF9961D685C060074C249 /* main.m */; };
		4ABDF99A1D685C060074C249 /* AppDelegate.m in Sources */ = {isa = PBXBuildFile; fileRef = 4ABDF9991D685C060074C249 /* AppDelegate.m */; };
		4ABDF99D1D685C060074C249 /* ViewController.m in Sources */ = {isa = PBXBuildFile; fileRef = 4ABDF99C1D685C060074C249 /* ViewController.m */; };
		4ABDF9A01D685C060074C249 /* Main.storyboard in Resources */ = {isa = PBXBuildFile; fileRef = 4ABDF99E1D685C060074C249 /* Main.storyboard */; };
		4ABDF9A21D685C060074C249 /* Assets.xcassets in Resources */ = {isa = PBXBuildFile; fileRef = 4ABDF9A11D685C060074C249 /* Assets.xcassets */; };
		4ABDF9A51D685C060074C249 /* LaunchScreen.storyboard in Resources */ = {isa = PBXBuildFile; fileRef = 4ABDF9A31D685C060074C249 /* LaunchScreen.storyboard */; };
		4ABDF9B01D685C060074C249 /* JYSDCoreTextTests.m in Sources */ = {isa = PBXBuildFile; fileRef = 4ABDF9AF1D685C060074C249 /* JYSDCoreTextTests.m */; };
		4ABDF9BB1D685C060074C249 /* JYSDCoreTextUITests.m in Sources */ = {isa = PBXBuildFile; fileRef = 4ABDF9BA1D685C060074C249 /* JYSDCoreTextUITests.m */; };
		4ABDF9EB1D6863350074C249 /* MBProgressHUD+PY.m in Sources */ = {isa = PBXBuildFile; fileRef = 4ABDF9CC1D6863350074C249 /* MBProgressHUD+PY.m */; };
		4ABDF9EC1D6863350074C249 /* UIView+PYExtension.m in Sources */ = {isa = PBXBuildFile; fileRef = 4ABDF9CE1D6863350074C249 /* UIView+PYExtension.m */; };
		4ABDF9ED1D6863350074C249 /* PYNavigationController.m in Sources */ = {isa = PBXBuildFile; fileRef = 4ABDF9D11D6863350074C249 /* PYNavigationController.m */; };
		4ABDF9EE1D6863350074C249 /* PYPhotosPreviewController.m in Sources */ = {isa = PBXBuildFile; fileRef = 4ABDF9D31D6863350074C249 /* PYPhotosPreviewController.m */; };
		4ABDF9EF1D6863350074C249 /* PYPhotosReaderController.m in Sources */ = {isa = PBXBuildFile; fileRef = 4ABDF9D51D6863350074C249 /* PYPhotosReaderController.m */; };
		4ABDF9F01D6863350074C249 /* PYPhotosViewController.m in Sources */ = {isa = PBXBuildFile; fileRef = 4ABDF9D71D6863350074C249 /* PYPhotosViewController.m */; };
		4ABDF9F11D6863350074C249 /* PYPhoto.m in Sources */ = {isa = PBXBuildFile; fileRef = 4ABDF9DA1D6863350074C249 /* PYPhoto.m */; };
		4ABDF9F21D6863350074C249 /* PYConst.m in Sources */ = {isa = PBXBuildFile; fileRef = 4ABDF9DD1D6863350074C249 /* PYConst.m */; };
		4ABDF9F31D6863350074C249 /* PYProgressView.m in Sources */ = {isa = PBXBuildFile; fileRef = 4ABDF9DF1D6863350074C249 /* PYProgressView.m */; };
		4ABDF9F41D6863350074C249 /* PYPhotosView.bundle in Resources */ = {isa = PBXBuildFile; fileRef = 4ABDF9E11D6863350074C249 /* PYPhotosView.bundle */; };
		4ABDF9F51D6863350074C249 /* PYPhotoBrowseView.m in Sources */ = {isa = PBXBuildFile; fileRef = 4ABDF9E41D6863350074C249 /* PYPhotoBrowseView.m */; };
		4ABDF9F61D6863350074C249 /* PYPhotoCell.m in Sources */ = {isa = PBXBuildFile; fileRef = 4ABDF9E61D6863350074C249 /* PYPhotoCell.m */; };
		4ABDF9F71D6863350074C249 /* PYPhotosView.m in Sources */ = {isa = PBXBuildFile; fileRef = 4ABDF9E81D6863350074C249 /* PYPhotosView.m */; };
		4ABDF9F81D6863350074C249 /* PYPhotoView.m in Sources */ = {isa = PBXBuildFile; fileRef = 4ABDF9EA1D6863350074C249 /* PYPhotoView.m */; };
		4ABDF9FE1D68638D0074C249 /* DACircularProgressView.m in Sources */ = {isa = PBXBuildFile; fileRef = 4ABDF9FB1D68638D0074C249 /* DACircularProgressView.m */; };
		4ABDF9FF1D68638D0074C249 /* DALabeledCircularProgressView.m in Sources */ = {isa = PBXBuildFile; fileRef = 4ABDF9FD1D68638D0074C249 /* DALabeledCircularProgressView.m */; };
		4ABDFA041D6863990074C249 /* MBProgressHUD.bundle in Resources */ = {isa = PBXBuildFile; fileRef = 4ABDFA011D6863990074C249 /* MBProgressHUD.bundle */; };
		4ABDFA051D6863990074C249 /* MBProgressHUD.m in Sources */ = {isa = PBXBuildFile; fileRef = 4ABDFA031D6863990074C249 /* MBProgressHUD.m */; };
		4ADD461C1DDAB7B300D8FD74 /* transitionAnimationViewController.m in Sources */ = {isa = PBXBuildFile; fileRef = 4ADD461B1DDAB7B300D8FD74 /* transitionAnimationViewController.m */; };
		4ADD46201DDAFDB300D8FD74 /* affineTransformViewController.m in Sources */ = {isa = PBXBuildFile; fileRef = 4ADD461F1DDAFDB300D8FD74 /* affineTransformViewController.m */; };
		4ADD46241DDB12BB00D8FD74 /* bezierPathViewController.m in Sources */ = {isa = PBXBuildFile; fileRef = 4ADD46231DDB12BB00D8FD74 /* bezierPathViewController.m */; };
		4AE94E0B1D7AC3810015EF5C /* JYPengYouQuanViewController.m in Sources */ = {isa = PBXBuildFile; fileRef = 4AE94E0A1D7AC3810015EF5C /* JYPengYouQuanViewController.m */; };
		4AE94E0E1D7AC5600015EF5C /* JYHeaderView.m in Sources */ = {isa = PBXBuildFile; fileRef = 4AE94E0D1D7AC5600015EF5C /* JYHeaderView.m */; };
		4AE94E201D7AC7580015EF5C /* pbg.jpg in Resources */ = {isa = PBXBuildFile; fileRef = 4AE94E101D7AC7580015EF5C /* pbg.jpg */; };
		4AE94E211D7AC7580015EF5C /* picon.jpg in Resources */ = {isa = PBXBuildFile; fileRef = 4AE94E111D7AC7580015EF5C /* picon.jpg */; };
		4AE94E221D7AC7580015EF5C /* pic5.jpg in Resources */ = {isa = PBXBuildFile; fileRef = 4AE94E121D7AC7580015EF5C /* pic5.jpg */; };
		4AE94E231D7AC7580015EF5C /* pic6.jpg in Resources */ = {isa = PBXBuildFile; fileRef = 4AE94E131D7AC7580015EF5C /* pic6.jpg */; };
		4AE94E241D7AC7580015EF5C /* pic7.jpg in Resources */ = {isa = PBXBuildFile; fileRef = 4AE94E141D7AC7580015EF5C /* pic7.jpg */; };
		4AE94E251D7AC7580015EF5C /* pic8.jpg in Resources */ = {isa = PBXBuildFile; fileRef = 4AE94E151D7AC7580015EF5C /* pic8.jpg */; };
		4AE94E261D7AC7580015EF5C /* icon0.jpg in Resources */ = {isa = PBXBuildFile; fileRef = 4AE94E161D7AC7580015EF5C /* icon0.jpg */; };
		4AE94E271D7AC7580015EF5C /* icon1.jpg in Resources */ = {isa = PBXBuildFile; fileRef = 4AE94E171D7AC7580015EF5C /* icon1.jpg */; };
		4AE94E281D7AC7580015EF5C /* icon2.jpg in Resources */ = {isa = PBXBuildFile; fileRef = 4AE94E181D7AC7580015EF5C /* icon2.jpg */; };
		4AE94E291D7AC7580015EF5C /* icon3.jpg in Resources */ = {isa = PBXBuildFile; fileRef = 4AE94E191D7AC7580015EF5C /* icon3.jpg */; };
		4AE94E2A1D7AC7580015EF5C /* icon4.jpg in Resources */ = {isa = PBXBuildFile; fileRef = 4AE94E1A1D7AC7580015EF5C /* icon4.jpg */; };
		4AE94E2B1D7AC7580015EF5C /* pic0.jpg in Resources */ = {isa = PBXBuildFile; fileRef = 4AE94E1B1D7AC7580015EF5C /* pic0.jpg */; };
		4AE94E2C1D7AC7580015EF5C /* pic1.jpg in Resources */ = {isa = PBXBuildFile; fileRef = 4AE94E1C1D7AC7580015EF5C /* pic1.jpg */; };
		4AE94E2D1D7AC7580015EF5C /* pic2.jpg in Resources */ = {isa = PBXBuildFile; fileRef = 4AE94E1D1D7AC7580015EF5C /* pic2.jpg */; };
		4AE94E2E1D7AC7580015EF5C /* pic3.jpg in Resources */ = {isa = PBXBuildFile; fileRef = 4AE94E1E1D7AC7580015EF5C /* pic3.jpg */; };
		4AE94E2F1D7AC7580015EF5C /* pic4.jpg in Resources */ = {isa = PBXBuildFile; fileRef = 4AE94E1F1D7AC7580015EF5C /* pic4.jpg */; };
		4AE94E321D7AC9C30015EF5C /* JYPengYouQuanModel.m in Sources */ = {isa = PBXBuildFile; fileRef = 4AE94E311D7AC9C30015EF5C /* JYPengYouQuanModel.m */; };
		4AE94E351D7AD1BF0015EF5C /* JYPengYouQuanCustomCell.m in Sources */ = {isa = PBXBuildFile; fileRef = 4AE94E341D7AD1BF0015EF5C /* JYPengYouQuanCustomCell.m */; };
		4AE94E381D7AD3260015EF5C /* SDWeiXinPhotoContainerView.m in Sources */ = {isa = PBXBuildFile; fileRef = 4AE94E371D7AD3260015EF5C /* SDWeiXinPhotoContainerView.m */; };
		4AE94E411D7ADA7C0015EF5C /* SDBrowserImageView.m in Sources */ = {isa = PBXBuildFile; fileRef = 4AE94E3B1D7ADA7C0015EF5C /* SDBrowserImageView.m */; };
		4AE94E421D7ADA7C0015EF5C /* SDPhotoBrowser.m in Sources */ = {isa = PBXBuildFile; fileRef = 4AE94E3D1D7ADA7C0015EF5C /* SDPhotoBrowser.m */; };
		4AE94E431D7ADA7C0015EF5C /* SDWaitingView.m in Sources */ = {isa = PBXBuildFile; fileRef = 4AE94E401D7ADA7C0015EF5C /* SDWaitingView.m */; };
		4AE94E4A1D7AE39A0015EF5C /* JYFaBiaoPingLunViewController.m in Sources */ = {isa = PBXBuildFile; fileRef = 4AE94E491D7AE39A0015EF5C /* JYFaBiaoPingLunViewController.m */; };
		D4AC4EF8F4C150C7877017A0 /* libPods-JYSDCoreText.a in Frameworks */ = {isa = PBXBuildFile; fileRef = 9EAD7C14B0A55D8A487EF510 /* libPods-JYSDCoreText.a */; };
/* End PBXBuildFile section */

/* Begin PBXContainerItemProxy section */
		4ABDF9AC1D685C060074C249 /* PBXContainerItemProxy */ = {
			isa = PBXContainerItemProxy;
			containerPortal = 4ABDF98A1D685C060074C249 /* Project object */;
			proxyType = 1;
			remoteGlobalIDString = 4ABDF9911D685C060074C249;
			remoteInfo = JYSDCoreText;
		};
		4ABDF9B71D685C060074C249 /* PBXContainerItemProxy */ = {
			isa = PBXContainerItemProxy;
			containerPortal = 4ABDF98A1D685C060074C249 /* Project object */;
			proxyType = 1;
			remoteGlobalIDString = 4ABDF9911D685C060074C249;
			remoteInfo = JYSDCoreText;
		};
/* End PBXContainerItemProxy section */

/* Begin PBXFileReference section */
		0A3AA4DF66008FCA3007009F /* Pods-JYSDCoreText.release.xcconfig */ = {isa = PBXFileReference; includeInIndex = 1; lastKnownFileType = text.xcconfig; name = "Pods-JYSDCoreText.release.xcconfig"; path = "Pods/Target Support Files/Pods-JYSDCoreText/Pods-JYSDCoreText.release.xcconfig"; sourceTree = "<group>"; };
		39405C16FF6D29B9C572CC15 /* Pods-JYSDCoreText.debug.xcconfig */ = {isa = PBXFileReference; includeInIndex = 1; lastKnownFileType = text.xcconfig; name = "Pods-JYSDCoreText.debug.xcconfig"; path = "Pods/Target Support Files/Pods-JYSDCoreText/Pods-JYSDCoreText.debug.xcconfig"; sourceTree = "<group>"; };
		4A21A0BD1DD6E29100A6DF11 /* coreAnimationListViewController.h */ = {isa = PBXFileReference; fileEncoding = 4; lastKnownFileType = sourcecode.c.h; path = coreAnimationListViewController.h; sourceTree = "<group>"; };
		4A21A0BE1DD6E29100A6DF11 /* coreAnimationListViewController.m */ = {isa = PBXFileReference; fileEncoding = 4; lastKnownFileType = sourcecode.c.objc; path = coreAnimationListViewController.m; sourceTree = "<group>"; };
		4A21A0C11DD6E89200A6DF11 /* baseAnimationViewController.h */ = {isa = PBXFileReference; fileEncoding = 4; lastKnownFileType = sourcecode.c.h; path = baseAnimationViewController.h; sourceTree = "<group>"; };
		4A21A0C21DD6E89200A6DF11 /* baseAnimationViewController.m */ = {isa = PBXFileReference; fileEncoding = 4; lastKnownFileType = sourcecode.c.objc; path = baseAnimationViewController.m; sourceTree = "<group>"; };
		4A21A0CB1DD6EA9300A6DF11 /* configHeader.h */ = {isa = PBXFileReference; lastKnownFileType = sourcecode.c.h; name = configHeader.h; path = JYSDCoreText/configHeader.h; sourceTree = "<group>"; };
		4A21A0CC1DD6EB5E00A6DF11 /* baseViewController.h */ = {isa = PBXFileReference; fileEncoding = 4; lastKnownFileType = sourcecode.c.h; path = baseViewController.h; sourceTree = "<group>"; };
		4A21A0CD1DD6EB5E00A6DF11 /* baseViewController.m */ = {isa = PBXFileReference; fileEncoding = 4; lastKnownFileType = sourcecode.c.objc; path = baseViewController.m; sourceTree = "<group>"; };
		4A21A0D01DD6EC0300A6DF11 /* TitleButton.h */ = {isa = PBXFileReference; fileEncoding = 4; lastKnownFileType = sourcecode.c.h; path = TitleButton.h; sourceTree = "<group>"; };
		4A21A0D11DD6EC0300A6DF11 /* TitleButton.m */ = {isa = PBXFileReference; fileEncoding = 4; lastKnownFileType = sourcecode.c.objc; path = TitleButton.m; sourceTree = "<group>"; };
		4A3643EF1DDEADA000477DE2 /* comprehensiveCaseViewController.h */ = {isa = PBXFileReference; fileEncoding = 4; lastKnownFileType = sourcecode.c.h; path = comprehensiveCaseViewController.h; sourceTree = "<group>"; };
		4A3643F01DDEADA000477DE2 /* comprehensiveCaseViewController.m */ = {isa = PBXFileReference; fileEncoding = 4; lastKnownFileType = sourcecode.c.objc; path = comprehensiveCaseViewController.m; sourceTree = "<group>"; };
		4A43A3681DA8D4DA00C22E2A /* UIButton+Delay.h */ = {isa = PBXFileReference; fileEncoding = 4; lastKnownFileType = sourcecode.c.h; path = "UIButton+Delay.h"; sourceTree = "<group>"; };
		4A43A3691DA8D4DA00C22E2A /* UIButton+Delay.m */ = {isa = PBXFileReference; fileEncoding = 4; lastKnownFileType = sourcecode.c.objc; path = "UIButton+Delay.m"; sourceTree = "<group>"; };
		4A43A36A1DA8D4DA00C22E2A /* UIButton+touch.h */ = {isa = PBXFileReference; fileEncoding = 4; lastKnownFileType = sourcecode.c.h; path = "UIButton+touch.h"; sourceTree = "<group>"; };
		4A43A36B1DA8D4DA00C22E2A /* UIButton+touch.m */ = {isa = PBXFileReference; fileEncoding = 4; lastKnownFileType = sourcecode.c.objc; path = "UIButton+touch.m"; sourceTree = "<group>"; };
		4A43A3701DA8DABA00C22E2A /* UIImage+Color.h */ = {isa = PBXFileReference; fileEncoding = 4; lastKnownFileType = sourcecode.c.h; path = "UIImage+Color.h"; sourceTree = "<group>"; };
		4A43A3711DA8DABA00C22E2A /* UIImage+Color.m */ = {isa = PBXFileReference; fileEncoding = 4; lastKnownFileType = sourcecode.c.objc; path = "UIImage+Color.m"; sourceTree = "<group>"; };
		4A43A3741DA8DBAA00C22E2A /* JYSolidColorButton.h */ = {isa = PBXFileReference; fileEncoding = 4; lastKnownFileType = sourcecode.c.h; path = JYSolidColorButton.h; sourceTree = "<group>"; };
		4A43A3751DA8DBAA00C22E2A /* JYSolidColorButton.m */ = {isa = PBXFileReference; fileEncoding = 4; lastKnownFileType = sourcecode.c.objc; path = JYSolidColorButton.m; sourceTree = "<group>"; };
		4A503FF91D82A241001F1D7A /* LayoutTextView.h */ = {isa = PBXFileReference; fileEncoding = 4; lastKnownFileType = sourcecode.c.h; path = LayoutTextView.h; sourceTree = "<group>"; };
		4A503FFA1D82A241001F1D7A /* LayoutTextView.m */ = {isa = PBXFileReference; fileEncoding = 4; lastKnownFileType = sourcecode.c.objc; path = LayoutTextView.m; sourceTree = "<group>"; };
		4A503FFF1D82A352001F1D7A /* EmojiToolBar.h */ = {isa = PBXFileReference; fileEncoding = 4; lastKnownFileType = sourcecode.c.h; path = EmojiToolBar.h; sourceTree = "<group>"; };
		4A5040001D82A352001F1D7A /* EmojiToolBar.m */ = {isa = PBXFileReference; fileEncoding = 4; lastKnownFileType = sourcecode.c.objc; path = EmojiToolBar.m; sourceTree = "<group>"; };
		4A5040021D82A352001F1D7A /* EmojiCell.h */ = {isa = PBXFileReference; fileEncoding = 4; lastKnownFileType = sourcecode.c.h; path = EmojiCell.h; sourceTree = "<group>"; };
		4A5040031D82A352001F1D7A /* EmojiCell.m */ = {isa = PBXFileReference; fileEncoding = 4; lastKnownFileType = sourcecode.c.objc; path = EmojiCell.m; sourceTree = "<group>"; };
		4A5040041D82A352001F1D7A /* EmojiCollectionView.h */ = {isa = PBXFileReference; fileEncoding = 4; lastKnownFileType = sourcecode.c.h; path = EmojiCollectionView.h; sourceTree = "<group>"; };
		4A5040051D82A352001F1D7A /* EmojiCollectionView.m */ = {isa = PBXFileReference; fileEncoding = 4; lastKnownFileType = sourcecode.c.objc; path = EmojiCollectionView.m; sourceTree = "<group>"; };
		4A5040061D82A352001F1D7A /* SinglePageEmojiCell.h */ = {isa = PBXFileReference; fileEncoding = 4; lastKnownFileType = sourcecode.c.h; path = SinglePageEmojiCell.h; sourceTree = "<group>"; };
		4A5040071D82A352001F1D7A /* SinglePageEmojiCell.m */ = {isa = PBXFileReference; fileEncoding = 4; lastKnownFileType = sourcecode.c.objc; path = SinglePageEmojiCell.m; sourceTree = "<group>"; };
		4A5040081D82A352001F1D7A /* HCEmojiKeyboard.h */ = {isa = PBXFileReference; fileEncoding = 4; lastKnownFileType = sourcecode.c.h; path = HCEmojiKeyboard.h; sourceTree = "<group>"; };
		4A5040091D82A352001F1D7A /* HCEmojiKeyboard.m */ = {isa = PBXFileReference; fileEncoding = 4; lastKnownFileType = sourcecode.c.objc; path = HCEmojiKeyboard.m; sourceTree = "<group>"; };
		4A50400A1D82A352001F1D7A /* HCEmojiManager.h */ = {isa = PBXFileReference; fileEncoding = 4; lastKnownFileType = sourcecode.c.h; path = HCEmojiManager.h; sourceTree = "<group>"; };
		4A50400B1D82A352001F1D7A /* HCEmojiManager.m */ = {isa = PBXFileReference; fileEncoding = 4; lastKnownFileType = sourcecode.c.objc; path = HCEmojiManager.m; sourceTree = "<group>"; };
		4A50400C1D82A352001F1D7A /* HCHeader.h */ = {isa = PBXFileReference; fileEncoding = 4; lastKnownFileType = sourcecode.c.h; path = HCHeader.h; sourceTree = "<group>"; };
		4A50400E1D82A352001F1D7A /* ExpandingCell.h */ = {isa = PBXFileReference; fileEncoding = 4; lastKnownFileType = sourcecode.c.h; path = ExpandingCell.h; sourceTree = "<group>"; };
		4A50400F1D82A352001F1D7A /* ExpandingCell.m */ = {isa = PBXFileReference; fileEncoding = 4; lastKnownFileType = sourcecode.c.objc; path = ExpandingCell.m; sourceTree = "<group>"; };
		4A5040101D82A352001F1D7A /* HCInputBar.h */ = {isa = PBXFileReference; fileEncoding = 4; lastKnownFileType = sourcecode.c.h; path = HCInputBar.h; sourceTree = "<group>"; };
		4A5040111D82A352001F1D7A /* HCInputBar.m */ = {isa = PBXFileReference; fileEncoding = 4; lastKnownFileType = sourcecode.c.objc; path = HCInputBar.m; sourceTree = "<group>"; };
		4A5040121D82A352001F1D7A /* Resources.bundle */ = {isa = PBXFileReference; lastKnownFileType = "wrapper.plug-in"; path = Resources.bundle; sourceTree = "<group>"; };
		4A5040141D82A352001F1D7A /* UIColor+MyColor.h */ = {isa = PBXFileReference; fileEncoding = 4; lastKnownFileType = sourcecode.c.h; path = "UIColor+MyColor.h"; sourceTree = "<group>"; };
		4A5040151D82A352001F1D7A /* UIColor+MyColor.m */ = {isa = PBXFileReference; fileEncoding = 4; lastKnownFileType = sourcecode.c.objc; path = "UIColor+MyColor.m"; sourceTree = "<group>"; };
		4A5040161D82A352001F1D7A /* UIFont+MyFont.h */ = {isa = PBXFileReference; fileEncoding = 4; lastKnownFileType = sourcecode.c.h; path = "UIFont+MyFont.h"; sourceTree = "<group>"; };
		4A5040171D82A352001F1D7A /* UIFont+MyFont.m */ = {isa = PBXFileReference; fileEncoding = 4; lastKnownFileType = sourcecode.c.objc; path = "UIFont+MyFont.m"; sourceTree = "<group>"; };
		4A5040181D82A352001F1D7A /* UIView+Frame.h */ = {isa = PBXFileReference; fileEncoding = 4; lastKnownFileType = sourcecode.c.h; path = "UIView+Frame.h"; sourceTree = "<group>"; };
		4A5040191D82A352001F1D7A /* UIView+Frame.m */ = {isa = PBXFileReference; fileEncoding = 4; lastKnownFileType = sourcecode.c.objc; path = "UIView+Frame.m"; sourceTree = "<group>"; };
		4A69AC441DDEF72000957C7B /* DCPathButton.h */ = {isa = PBXFileReference; fileEncoding = 4; lastKnownFileType = sourcecode.c.h; path = DCPathButton.h; sourceTree = "<group>"; };
		4A69AC451DDEF72000957C7B /* DCPathButton.m */ = {isa = PBXFileReference; fileEncoding = 4; lastKnownFileType = sourcecode.c.objc; path = DCPathButton.m; sourceTree = "<group>"; };
		4A69AC461DDEF72000957C7B /* DCPathCenterButton.h */ = {isa = PBXFileReference; fileEncoding = 4; lastKnownFileType = sourcecode.c.h; path = DCPathCenterButton.h; sourceTree = "<group>"; };
		4A69AC471DDEF72000957C7B /* DCPathCenterButton.m */ = {isa = PBXFileReference; fileEncoding = 4; lastKnownFileType = sourcecode.c.objc; path = DCPathCenterButton.m; sourceTree = "<group>"; };
		4A69AC481DDEF72000957C7B /* DCPathItemButton.h */ = {isa = PBXFileReference; fileEncoding = 4; lastKnownFileType = sourcecode.c.h; path = DCPathItemButton.h; sourceTree = "<group>"; };
		4A69AC491DDEF72000957C7B /* DCPathItemButton.m */ = {isa = PBXFileReference; fileEncoding = 4; lastKnownFileType = sourcecode.c.objc; path = DCPathItemButton.m; sourceTree = "<group>"; };
		4A69AC4E1DDEF89200957C7B /* chooser-button-input-highlighted@2x.png */ = {isa = PBXFileReference; lastKnownFileType = image.png; path = "chooser-button-input-highlighted@2x.png"; sourceTree = "<group>"; };
		4A69AC4F1DDEF89200957C7B /* chooser-button-input@2x.png */ = {isa = PBXFileReference; lastKnownFileType = image.png; path = "chooser-button-input@2x.png"; sourceTree = "<group>"; };
		4A69AC501DDEF89200957C7B /* chooser-button-tab-highlighted@2x.png */ = {isa = PBXFileReference; lastKnownFileType = image.png; path = "chooser-button-tab-highlighted@2x.png"; sourceTree = "<group>"; };
		4A69AC511DDEF89200957C7B /* chooser-button-tab@2x.png */ = {isa = PBXFileReference; lastKnownFileType = image.png; path = "chooser-button-tab@2x.png"; sourceTree = "<group>"; };
		4A69AC521DDEF89200957C7B /* chooser-moment-button-highlighted@2x.png */ = {isa = PBXFileReference; lastKnownFileType = image.png; path = "chooser-moment-button-highlighted@2x.png"; sourceTree = "<group>"; };
		4A69AC531DDEF89200957C7B /* chooser-moment-button@2x.png */ = {isa = PBXFileReference; lastKnownFileType = image.png; path = "chooser-moment-button@2x.png"; sourceTree = "<group>"; };
		4A69AC541DDEF89200957C7B /* chooser-moment-icon-camera-highlighted@2x.png */ = {isa = PBXFileReference; lastKnownFileType = image.png; path = "chooser-moment-icon-camera-highlighted@2x.png"; sourceTree = "<group>"; };
		4A69AC551DDEF89200957C7B /* chooser-moment-icon-camera@2x.png */ = {isa = PBXFileReference; lastKnownFileType = image.png; path = "chooser-moment-icon-camera@2x.png"; sourceTree = "<group>"; };
		4A69AC561DDEF89200957C7B /* chooser-moment-icon-music-highlighted@2x.png */ = {isa = PBXFileReference; lastKnownFileType = image.png; path = "chooser-moment-icon-music-highlighted@2x.png"; sourceTree = "<group>"; };
		4A69AC571DDEF89200957C7B /* chooser-moment-icon-music@2x.png */ = {isa = PBXFileReference; lastKnownFileType = image.png; path = "chooser-moment-icon-music@2x.png"; sourceTree = "<group>"; };
		4A69AC581DDEF89200957C7B /* chooser-moment-icon-place-highlighted@2x.png */ = {isa = PBXFileReference; lastKnownFileType = image.png; path = "chooser-moment-icon-place-highlighted@2x.png"; sourceTree = "<group>"; };
		4A69AC591DDEF89200957C7B /* chooser-moment-icon-place@2x.png */ = {isa = PBXFileReference; lastKnownFileType = image.png; path = "chooser-moment-icon-place@2x.png"; sourceTree = "<group>"; };
		4A69AC5A1DDEF89200957C7B /* chooser-moment-icon-sleep-highlighted@2x.png */ = {isa = PBXFileReference; lastKnownFileType = image.png; path = "chooser-moment-icon-sleep-highlighted@2x.png"; sourceTree = "<group>"; };
		4A69AC5B1DDEF89200957C7B /* chooser-moment-icon-sleep@2x.png */ = {isa = PBXFileReference; lastKnownFileType = image.png; path = "chooser-moment-icon-sleep@2x.png"; sourceTree = "<group>"; };
		4A69AC5C1DDEF89200957C7B /* chooser-moment-icon-thought-highlighted@2x.png */ = {isa = PBXFileReference; lastKnownFileType = image.png; path = "chooser-moment-icon-thought-highlighted@2x.png"; sourceTree = "<group>"; };
		4A69AC5D1DDEF89200957C7B /* chooser-moment-icon-thought@2x.png */ = {isa = PBXFileReference; lastKnownFileType = image.png; path = "chooser-moment-icon-thought@2x.png"; sourceTree = "<group>"; };
		4A69AC5E1DDEF89200957C7B /* Like-Blue@2x.png */ = {isa = PBXFileReference; lastKnownFileType = image.png; path = "Like-Blue@2x.png"; sourceTree = "<group>"; };
		4A69AC5F1DDEF89200957C7B /* Like@2x.png */ = {isa = PBXFileReference; lastKnownFileType = image.png; path = "Like@2x.png"; sourceTree = "<group>"; };
		4A69AC601DDEF89200957C7B /* Sparkle.png */ = {isa = PBXFileReference; lastKnownFileType = image.png; path = Sparkle.png; sourceTree = "<group>"; };
		4A69AC751DDEF89D00957C7B /* bloom.caf */ = {isa = PBXFileReference; lastKnownFileType = file; path = bloom.caf; sourceTree = "<group>"; };
		4A69AC761DDEF89D00957C7B /* fold.caf */ = {isa = PBXFileReference; lastKnownFileType = file; path = fold.caf; sourceTree = "<group>"; };
		4A69AC771DDEF89D00957C7B /* selected.caf */ = {isa = PBXFileReference; lastKnownFileType = file; path = selected.caf; sourceTree = "<group>"; };
		4A7E8C401DE05CF500EBC0BC /* testView.h */ = {isa = PBXFileReference; fileEncoding = 4; lastKnownFileType = sourcecode.c.h; path = testView.h; sourceTree = "<group>"; };
		4A7E8C411DE05CF500EBC0BC /* testView.m */ = {isa = PBXFileReference; fileEncoding = 4; lastKnownFileType = sourcecode.c.objc; path = testView.m; sourceTree = "<group>"; };
		4A7F85691DE016C2001F4EC7 /* DWBubbleMenuButton.h */ = {isa = PBXFileReference; fileEncoding = 4; lastKnownFileType = sourcecode.c.h; path = DWBubbleMenuButton.h; sourceTree = "<group>"; };
		4A7F856A1DE016C2001F4EC7 /* DWBubbleMenuButton.m */ = {isa = PBXFileReference; fileEncoding = 4; lastKnownFileType = sourcecode.c.objc; path = DWBubbleMenuButton.m; sourceTree = "<group>"; };
		4A7F856D1DE016DD001F4EC7 /* MCFireworksButton.h */ = {isa = PBXFileReference; fileEncoding = 4; lastKnownFileType = sourcecode.c.h; path = MCFireworksButton.h; sourceTree = "<group>"; };
		4A7F856E1DE016DD001F4EC7 /* MCFireworksButton.m */ = {isa = PBXFileReference; fileEncoding = 4; lastKnownFileType = sourcecode.c.objc; path = MCFireworksButton.m; sourceTree = "<group>"; };
		4A7F856F1DE016DD001F4EC7 /* MCFireworksView.h */ = {isa = PBXFileReference; fileEncoding = 4; lastKnownFileType = sourcecode.c.h; path = MCFireworksView.h; sourceTree = "<group>"; };
		4A7F85701DE016DD001F4EC7 /* MCFireworksView.m */ = {isa = PBXFileReference; fileEncoding = 4; lastKnownFileType = sourcecode.c.objc; path = MCFireworksView.m; sourceTree = "<group>"; };
		4A7F85731DE021ED001F4EC7 /* text.png */ = {isa = PBXFileReference; lastKnownFileType = image.png; path = text.png; sourceTree = "<group>"; };
		4A7F85761DE026B4001F4EC7 /* yaWeiImageViewController.h */ = {isa = PBXFileReference; fileEncoding = 4; lastKnownFileType = sourcecode.c.h; path = yaWeiImageViewController.h; sourceTree = "<group>"; };
		4A7F85771DE026B4001F4EC7 /* yaWeiImageViewController.m */ = {isa = PBXFileReference; fileEncoding = 4; lastKnownFileType = sourcecode.c.objc; path = yaWeiImageViewController.m; sourceTree = "<group>"; };
		4A7F857A1DE027B6001F4EC7 /* A-GuideToIOSAnimationViewController.h */ = {isa = PBXFileReference; fileEncoding = 4; lastKnownFileType = sourcecode.c.h; path = "A-GuideToIOSAnimationViewController.h"; sourceTree = "<group>"; };
		4A7F857B1DE027B6001F4EC7 /* A-GuideToIOSAnimationViewController.m */ = {isa = PBXFileReference; fileEncoding = 4; lastKnownFileType = sourcecode.c.objc; path = "A-GuideToIOSAnimationViewController.m"; sourceTree = "<group>"; };
		4AB55DBD1DD6FFAF00FF89B6 /* keyFrameAnimationViewController.h */ = {isa = PBXFileReference; fileEncoding = 4; lastKnownFileType = sourcecode.c.h; path = keyFrameAnimationViewController.h; sourceTree = "<group>"; };
		4AB55DBE1DD6FFAF00FF89B6 /* keyFrameAnimationViewController.m */ = {isa = PBXFileReference; fileEncoding = 4; lastKnownFileType = sourcecode.c.objc; path = keyFrameAnimationViewController.m; sourceTree = "<group>"; };
		4AB55DC11DD709C400FF89B6 /* groupAnimationViewController.h */ = {isa = PBXFileReference; fileEncoding = 4; lastKnownFileType = sourcecode.c.h; path = groupAnimationViewController.h; sourceTree = "<group>"; };
		4AB55DC21DD709C400FF89B6 /* groupAnimationViewController.m */ = {isa = PBXFileReference; fileEncoding = 4; lastKnownFileType = sourcecode.c.objc; path = groupAnimationViewController.m; sourceTree = "<group>"; };
		4ABDF9921D685C060074C249 /* JYSDCoreText.app */ = {isa = PBXFileReference; explicitFileType = wrapper.application; includeInIndex = 0; path = JYSDCoreText.app; sourceTree = BUILT_PRODUCTS_DIR; };
		4ABDF9961D685C060074C249 /* main.m */ = {isa = PBXFileReference; lastKnownFileType = sourcecode.c.objc; path = main.m; sourceTree = "<group>"; };
		4ABDF9981D685C060074C249 /* AppDelegate.h */ = {isa = PBXFileReference; lastKnownFileType = sourcecode.c.h; path = AppDelegate.h; sourceTree = "<group>"; };
		4ABDF9991D685C060074C249 /* AppDelegate.m */ = {isa = PBXFileReference; lastKnownFileType = sourcecode.c.objc; path = AppDelegate.m; sourceTree = "<group>"; };
		4ABDF99B1D685C060074C249 /* ViewController.h */ = {isa = PBXFileReference; lastKnownFileType = sourcecode.c.h; path = ViewController.h; sourceTree = "<group>"; };
		4ABDF99C1D685C060074C249 /* ViewController.m */ = {isa = PBXFileReference; lastKnownFileType = sourcecode.c.objc; path = ViewController.m; sourceTree = "<group>"; };
		4ABDF99F1D685C060074C249 /* Base */ = {isa = PBXFileReference; lastKnownFileType = file.storyboard; name = Base; path = Base.lproj/Main.storyboard; sourceTree = "<group>"; };
		4ABDF9A11D685C060074C249 /* Assets.xcassets */ = {isa = PBXFileReference; lastKnownFileType = folder.assetcatalog; path = Assets.xcassets; sourceTree = "<group>"; };
		4ABDF9A41D685C060074C249 /* Base */ = {isa = PBXFileReference; lastKnownFileType = file.storyboard; name = Base; path = Base.lproj/LaunchScreen.storyboard; sourceTree = "<group>"; };
		4ABDF9A61D685C060074C249 /* Info.plist */ = {isa = PBXFileReference; lastKnownFileType = text.plist.xml; path = Info.plist; sourceTree = "<group>"; };
		4ABDF9AB1D685C060074C249 /* JYSDCoreTextTests.xctest */ = {isa = PBXFileReference; explicitFileType = wrapper.cfbundle; includeInIndex = 0; path = JYSDCoreTextTests.xctest; sourceTree = BUILT_PRODUCTS_DIR; };
		4ABDF9AF1D685C060074C249 /* JYSDCoreTextTests.m */ = {isa = PBXFileReference; lastKnownFileType = sourcecode.c.objc; path = JYSDCoreTextTests.m; sourceTree = "<group>"; };
		4ABDF9B11D685C060074C249 /* Info.plist */ = {isa = PBXFileReference; lastKnownFileType = text.plist.xml; path = Info.plist; sourceTree = "<group>"; };
		4ABDF9B61D685C060074C249 /* JYSDCoreTextUITests.xctest */ = {isa = PBXFileReference; explicitFileType = wrapper.cfbundle; includeInIndex = 0; path = JYSDCoreTextUITests.xctest; sourceTree = BUILT_PRODUCTS_DIR; };
		4ABDF9BA1D685C060074C249 /* JYSDCoreTextUITests.m */ = {isa = PBXFileReference; lastKnownFileType = sourcecode.c.objc; path = JYSDCoreTextUITests.m; sourceTree = "<group>"; };
		4ABDF9BC1D685C060074C249 /* Info.plist */ = {isa = PBXFileReference; lastKnownFileType = text.plist.xml; path = Info.plist; sourceTree = "<group>"; };
		4ABDF9CB1D6863350074C249 /* MBProgressHUD+PY.h */ = {isa = PBXFileReference; fileEncoding = 4; lastKnownFileType = sourcecode.c.h; path = "MBProgressHUD+PY.h"; sourceTree = "<group>"; };
		4ABDF9CC1D6863350074C249 /* MBProgressHUD+PY.m */ = {isa = PBXFileReference; fileEncoding = 4; lastKnownFileType = sourcecode.c.objc; path = "MBProgressHUD+PY.m"; sourceTree = "<group>"; };
		4ABDF9CD1D6863350074C249 /* UIView+PYExtension.h */ = {isa = PBXFileReference; fileEncoding = 4; lastKnownFileType = sourcecode.c.h; path = "UIView+PYExtension.h"; sourceTree = "<group>"; };
		4ABDF9CE1D6863350074C249 /* UIView+PYExtension.m */ = {isa = PBXFileReference; fileEncoding = 4; lastKnownFileType = sourcecode.c.objc; path = "UIView+PYExtension.m"; sourceTree = "<group>"; };
		4ABDF9D01D6863350074C249 /* PYNavigationController.h */ = {isa = PBXFileReference; fileEncoding = 4; lastKnownFileType = sourcecode.c.h; path = PYNavigationController.h; sourceTree = "<group>"; };
		4ABDF9D11D6863350074C249 /* PYNavigationController.m */ = {isa = PBXFileReference; fileEncoding = 4; lastKnownFileType = sourcecode.c.objc; path = PYNavigationController.m; sourceTree = "<group>"; };
		4ABDF9D21D6863350074C249 /* PYPhotosPreviewController.h */ = {isa = PBXFileReference; fileEncoding = 4; lastKnownFileType = sourcecode.c.h; path = PYPhotosPreviewController.h; sourceTree = "<group>"; };
		4ABDF9D31D6863350074C249 /* PYPhotosPreviewController.m */ = {isa = PBXFileReference; fileEncoding = 4; lastKnownFileType = sourcecode.c.objc; path = PYPhotosPreviewController.m; sourceTree = "<group>"; };
		4ABDF9D41D6863350074C249 /* PYPhotosReaderController.h */ = {isa = PBXFileReference; fileEncoding = 4; lastKnownFileType = sourcecode.c.h; path = PYPhotosReaderController.h; sourceTree = "<group>"; };
		4ABDF9D51D6863350074C249 /* PYPhotosReaderController.m */ = {isa = PBXFileReference; fileEncoding = 4; lastKnownFileType = sourcecode.c.objc; path = PYPhotosReaderController.m; sourceTree = "<group>"; };
		4ABDF9D61D6863350074C249 /* PYPhotosViewController.h */ = {isa = PBXFileReference; fileEncoding = 4; lastKnownFileType = sourcecode.c.h; path = PYPhotosViewController.h; sourceTree = "<group>"; };
		4ABDF9D71D6863350074C249 /* PYPhotosViewController.m */ = {isa = PBXFileReference; fileEncoding = 4; lastKnownFileType = sourcecode.c.objc; path = PYPhotosViewController.m; sourceTree = "<group>"; };
		4ABDF9D91D6863350074C249 /* PYPhoto.h */ = {isa = PBXFileReference; fileEncoding = 4; lastKnownFileType = sourcecode.c.h; path = PYPhoto.h; sourceTree = "<group>"; };
		4ABDF9DA1D6863350074C249 /* PYPhoto.m */ = {isa = PBXFileReference; fileEncoding = 4; lastKnownFileType = sourcecode.c.objc; path = PYPhoto.m; sourceTree = "<group>"; };
		4ABDF9DC1D6863350074C249 /* PYConst.h */ = {isa = PBXFileReference; fileEncoding = 4; lastKnownFileType = sourcecode.c.h; path = PYConst.h; sourceTree = "<group>"; };
		4ABDF9DD1D6863350074C249 /* PYConst.m */ = {isa = PBXFileReference; fileEncoding = 4; lastKnownFileType = sourcecode.c.objc; path = PYConst.m; sourceTree = "<group>"; };
		4ABDF9DE1D6863350074C249 /* PYProgressView.h */ = {isa = PBXFileReference; fileEncoding = 4; lastKnownFileType = sourcecode.c.h; path = PYProgressView.h; sourceTree = "<group>"; };
		4ABDF9DF1D6863350074C249 /* PYProgressView.m */ = {isa = PBXFileReference; fileEncoding = 4; lastKnownFileType = sourcecode.c.objc; path = PYProgressView.m; sourceTree = "<group>"; };
		4ABDF9E01D6863350074C249 /* PYPhotoBrowser.h */ = {isa = PBXFileReference; fileEncoding = 4; lastKnownFileType = sourcecode.c.h; path = PYPhotoBrowser.h; sourceTree = "<group>"; };
		4ABDF9E11D6863350074C249 /* PYPhotosView.bundle */ = {isa = PBXFileReference; lastKnownFileType = "wrapper.plug-in"; path = PYPhotosView.bundle; sourceTree = "<group>"; };
		4ABDF9E31D6863350074C249 /* PYPhotoBrowseView.h */ = {isa = PBXFileReference; fileEncoding = 4; lastKnownFileType = sourcecode.c.h; path = PYPhotoBrowseView.h; sourceTree = "<group>"; };
		4ABDF9E41D6863350074C249 /* PYPhotoBrowseView.m */ = {isa = PBXFileReference; fileEncoding = 4; lastKnownFileType = sourcecode.c.objc; path = PYPhotoBrowseView.m; sourceTree = "<group>"; };
		4ABDF9E51D6863350074C249 /* PYPhotoCell.h */ = {isa = PBXFileReference; fileEncoding = 4; lastKnownFileType = sourcecode.c.h; path = PYPhotoCell.h; sourceTree = "<group>"; };
		4ABDF9E61D6863350074C249 /* PYPhotoCell.m */ = {isa = PBXFileReference; fileEncoding = 4; lastKnownFileType = sourcecode.c.objc; path = PYPhotoCell.m; sourceTree = "<group>"; };
		4ABDF9E71D6863350074C249 /* PYPhotosView.h */ = {isa = PBXFileReference; fileEncoding = 4; lastKnownFileType = sourcecode.c.h; path = PYPhotosView.h; sourceTree = "<group>"; };
		4ABDF9E81D6863350074C249 /* PYPhotosView.m */ = {isa = PBXFileReference; fileEncoding = 4; lastKnownFileType = sourcecode.c.objc; path = PYPhotosView.m; sourceTree = "<group>"; };
		4ABDF9E91D6863350074C249 /* PYPhotoView.h */ = {isa = PBXFileReference; fileEncoding = 4; lastKnownFileType = sourcecode.c.h; path = PYPhotoView.h; sourceTree = "<group>"; };
		4ABDF9EA1D6863350074C249 /* PYPhotoView.m */ = {isa = PBXFileReference; fileEncoding = 4; lastKnownFileType = sourcecode.c.objc; path = PYPhotoView.m; sourceTree = "<group>"; };
		4ABDF9FA1D68638D0074C249 /* DACircularProgressView.h */ = {isa = PBXFileReference; fileEncoding = 4; lastKnownFileType = sourcecode.c.h; path = DACircularProgressView.h; sourceTree = "<group>"; };
		4ABDF9FB1D68638D0074C249 /* DACircularProgressView.m */ = {isa = PBXFileReference; fileEncoding = 4; lastKnownFileType = sourcecode.c.objc; path = DACircularProgressView.m; sourceTree = "<group>"; };
		4ABDF9FC1D68638D0074C249 /* DALabeledCircularProgressView.h */ = {isa = PBXFileReference; fileEncoding = 4; lastKnownFileType = sourcecode.c.h; path = DALabeledCircularProgressView.h; sourceTree = "<group>"; };
		4ABDF9FD1D68638D0074C249 /* DALabeledCircularProgressView.m */ = {isa = PBXFileReference; fileEncoding = 4; lastKnownFileType = sourcecode.c.objc; path = DALabeledCircularProgressView.m; sourceTree = "<group>"; };
		4ABDFA011D6863990074C249 /* MBProgressHUD.bundle */ = {isa = PBXFileReference; lastKnownFileType = "wrapper.plug-in"; path = MBProgressHUD.bundle; sourceTree = "<group>"; };
		4ABDFA021D6863990074C249 /* MBProgressHUD.h */ = {isa = PBXFileReference; fileEncoding = 4; lastKnownFileType = sourcecode.c.h; path = MBProgressHUD.h; sourceTree = "<group>"; };
		4ABDFA031D6863990074C249 /* MBProgressHUD.m */ = {isa = PBXFileReference; fileEncoding = 4; lastKnownFileType = sourcecode.c.objc; path = MBProgressHUD.m; sourceTree = "<group>"; };
		4ADD461A1DDAB7B300D8FD74 /* transitionAnimationViewController.h */ = {isa = PBXFileReference; fileEncoding = 4; lastKnownFileType = sourcecode.c.h; path = transitionAnimationViewController.h; sourceTree = "<group>"; };
		4ADD461B1DDAB7B300D8FD74 /* transitionAnimationViewController.m */ = {isa = PBXFileReference; fileEncoding = 4; lastKnownFileType = sourcecode.c.objc; path = transitionAnimationViewController.m; sourceTree = "<group>"; };
		4ADD461E1DDAFDB300D8FD74 /* affineTransformViewController.h */ = {isa = PBXFileReference; fileEncoding = 4; lastKnownFileType = sourcecode.c.h; path = affineTransformViewController.h; sourceTree = "<group>"; };
		4ADD461F1DDAFDB300D8FD74 /* affineTransformViewController.m */ = {isa = PBXFileReference; fileEncoding = 4; lastKnownFileType = sourcecode.c.objc; path = affineTransformViewController.m; sourceTree = "<group>"; };
		4ADD46221DDB12BB00D8FD74 /* bezierPathViewController.h */ = {isa = PBXFileReference; fileEncoding = 4; lastKnownFileType = sourcecode.c.h; path = bezierPathViewController.h; sourceTree = "<group>"; };
		4ADD46231DDB12BB00D8FD74 /* bezierPathViewController.m */ = {isa = PBXFileReference; fileEncoding = 4; lastKnownFileType = sourcecode.c.objc; path = bezierPathViewController.m; sourceTree = "<group>"; };
		4AE94E091D7AC3810015EF5C /* JYPengYouQuanViewController.h */ = {isa = PBXFileReference; fileEncoding = 4; lastKnownFileType = sourcecode.c.h; path = JYPengYouQuanViewController.h; sourceTree = "<group>"; };
		4AE94E0A1D7AC3810015EF5C /* JYPengYouQuanViewController.m */ = {isa = PBXFileReference; fileEncoding = 4; lastKnownFileType = sourcecode.c.objc; path = JYPengYouQuanViewController.m; sourceTree = "<group>"; };
		4AE94E0C1D7AC5600015EF5C /* JYHeaderView.h */ = {isa = PBXFileReference; fileEncoding = 4; lastKnownFileType = sourcecode.c.h; path = JYHeaderView.h; sourceTree = "<group>"; };
		4AE94E0D1D7AC5600015EF5C /* JYHeaderView.m */ = {isa = PBXFileReference; fileEncoding = 4; lastKnownFileType = sourcecode.c.objc; path = JYHeaderView.m; sourceTree = "<group>"; };
		4AE94E101D7AC7580015EF5C /* pbg.jpg */ = {isa = PBXFileReference; lastKnownFileType = image.jpeg; path = pbg.jpg; sourceTree = "<group>"; };
		4AE94E111D7AC7580015EF5C /* picon.jpg */ = {isa = PBXFileReference; lastKnownFileType = image.jpeg; path = picon.jpg; sourceTree = "<group>"; };
		4AE94E121D7AC7580015EF5C /* pic5.jpg */ = {isa = PBXFileReference; lastKnownFileType = image.jpeg; path = pic5.jpg; sourceTree = "<group>"; };
		4AE94E131D7AC7580015EF5C /* pic6.jpg */ = {isa = PBXFileReference; lastKnownFileType = image.jpeg; path = pic6.jpg; sourceTree = "<group>"; };
		4AE94E141D7AC7580015EF5C /* pic7.jpg */ = {isa = PBXFileReference; lastKnownFileType = image.jpeg; path = pic7.jpg; sourceTree = "<group>"; };
		4AE94E151D7AC7580015EF5C /* pic8.jpg */ = {isa = PBXFileReference; lastKnownFileType = image.jpeg; path = pic8.jpg; sourceTree = "<group>"; };
		4AE94E161D7AC7580015EF5C /* icon0.jpg */ = {isa = PBXFileReference; lastKnownFileType = image.jpeg; path = icon0.jpg; sourceTree = "<group>"; };
		4AE94E171D7AC7580015EF5C /* icon1.jpg */ = {isa = PBXFileReference; lastKnownFileType = image.jpeg; path = icon1.jpg; sourceTree = "<group>"; };
		4AE94E181D7AC7580015EF5C /* icon2.jpg */ = {isa = PBXFileReference; lastKnownFileType = image.jpeg; path = icon2.jpg; sourceTree = "<group>"; };
		4AE94E191D7AC7580015EF5C /* icon3.jpg */ = {isa = PBXFileReference; lastKnownFileType = image.jpeg; path = icon3.jpg; sourceTree = "<group>"; };
		4AE94E1A1D7AC7580015EF5C /* icon4.jpg */ = {isa = PBXFileReference; lastKnownFileType = image.jpeg; path = icon4.jpg; sourceTree = "<group>"; };
		4AE94E1B1D7AC7580015EF5C /* pic0.jpg */ = {isa = PBXFileReference; lastKnownFileType = image.jpeg; path = pic0.jpg; sourceTree = "<group>"; };
		4AE94E1C1D7AC7580015EF5C /* pic1.jpg */ = {isa = PBXFileReference; lastKnownFileType = image.jpeg; path = pic1.jpg; sourceTree = "<group>"; };
		4AE94E1D1D7AC7580015EF5C /* pic2.jpg */ = {isa = PBXFileReference; lastKnownFileType = image.jpeg; path = pic2.jpg; sourceTree = "<group>"; };
		4AE94E1E1D7AC7580015EF5C /* pic3.jpg */ = {isa = PBXFileReference; lastKnownFileType = image.jpeg; path = pic3.jpg; sourceTree = "<group>"; };
		4AE94E1F1D7AC7580015EF5C /* pic4.jpg */ = {isa = PBXFileReference; lastKnownFileType = image.jpeg; path = pic4.jpg; sourceTree = "<group>"; };
		4AE94E301D7AC9C30015EF5C /* JYPengYouQuanModel.h */ = {isa = PBXFileReference; fileEncoding = 4; lastKnownFileType = sourcecode.c.h; path = JYPengYouQuanModel.h; sourceTree = "<group>"; };
		4AE94E311D7AC9C30015EF5C /* JYPengYouQuanModel.m */ = {isa = PBXFileReference; fileEncoding = 4; lastKnownFileType = sourcecode.c.objc; path = JYPengYouQuanModel.m; sourceTree = "<group>"; };
		4AE94E331D7AD1BF0015EF5C /* JYPengYouQuanCustomCell.h */ = {isa = PBXFileReference; fileEncoding = 4; lastKnownFileType = sourcecode.c.h; path = JYPengYouQuanCustomCell.h; sourceTree = "<group>"; };
		4AE94E341D7AD1BF0015EF5C /* JYPengYouQuanCustomCell.m */ = {isa = PBXFileReference; fileEncoding = 4; lastKnownFileType = sourcecode.c.objc; path = JYPengYouQuanCustomCell.m; sourceTree = "<group>"; };
		4AE94E361D7AD3260015EF5C /* SDWeiXinPhotoContainerView.h */ = {isa = PBXFileReference; fileEncoding = 4; lastKnownFileType = sourcecode.c.h; path = SDWeiXinPhotoContainerView.h; sourceTree = "<group>"; };
		4AE94E371D7AD3260015EF5C /* SDWeiXinPhotoContainerView.m */ = {isa = PBXFileReference; fileEncoding = 4; lastKnownFileType = sourcecode.c.objc; path = SDWeiXinPhotoContainerView.m; sourceTree = "<group>"; };
		4AE94E3A1D7ADA7C0015EF5C /* SDBrowserImageView.h */ = {isa = PBXFileReference; fileEncoding = 4; lastKnownFileType = sourcecode.c.h; path = SDBrowserImageView.h; sourceTree = "<group>"; };
		4AE94E3B1D7ADA7C0015EF5C /* SDBrowserImageView.m */ = {isa = PBXFileReference; fileEncoding = 4; lastKnownFileType = sourcecode.c.objc; path = SDBrowserImageView.m; sourceTree = "<group>"; };
		4AE94E3C1D7ADA7C0015EF5C /* SDPhotoBrowser.h */ = {isa = PBXFileReference; fileEncoding = 4; lastKnownFileType = sourcecode.c.h; path = SDPhotoBrowser.h; sourceTree = "<group>"; };
		4AE94E3D1D7ADA7C0015EF5C /* SDPhotoBrowser.m */ = {isa = PBXFileReference; fileEncoding = 4; lastKnownFileType = sourcecode.c.objc; path = SDPhotoBrowser.m; sourceTree = "<group>"; };
		4AE94E3E1D7ADA7C0015EF5C /* SDPhotoBrowserConfig.h */ = {isa = PBXFileReference; fileEncoding = 4; lastKnownFileType = sourcecode.c.h; path = SDPhotoBrowserConfig.h; sourceTree = "<group>"; };
		4AE94E3F1D7ADA7C0015EF5C /* SDWaitingView.h */ = {isa = PBXFileReference; fileEncoding = 4; lastKnownFileType = sourcecode.c.h; path = SDWaitingView.h; sourceTree = "<group>"; };
		4AE94E401D7ADA7C0015EF5C /* SDWaitingView.m */ = {isa = PBXFileReference; fileEncoding = 4; lastKnownFileType = sourcecode.c.objc; path = SDWaitingView.m; sourceTree = "<group>"; };
		4AE94E481D7AE39A0015EF5C /* JYFaBiaoPingLunViewController.h */ = {isa = PBXFileReference; fileEncoding = 4; lastKnownFileType = sourcecode.c.h; path = JYFaBiaoPingLunViewController.h; sourceTree = "<group>"; };
		4AE94E491D7AE39A0015EF5C /* JYFaBiaoPingLunViewController.m */ = {isa = PBXFileReference; fileEncoding = 4; lastKnownFileType = sourcecode.c.objc; path = JYFaBiaoPingLunViewController.m; sourceTree = "<group>"; };
		9EAD7C14B0A55D8A487EF510 /* libPods-JYSDCoreText.a */ = {isa = PBXFileReference; explicitFileType = archive.ar; includeInIndex = 0; path = "libPods-JYSDCoreText.a"; sourceTree = BUILT_PRODUCTS_DIR; };
/* End PBXFileReference section */

/* Begin PBXFrameworksBuildPhase section */
		4ABDF98F1D685C060074C249 /* Frameworks */ = {
			isa = PBXFrameworksBuildPhase;
			buildActionMask = 2147483647;
			files = (
				D4AC4EF8F4C150C7877017A0 /* libPods-JYSDCoreText.a in Frameworks */,
			);
			runOnlyForDeploymentPostprocessing = 0;
		};
		4ABDF9A81D685C060074C249 /* Frameworks */ = {
			isa = PBXFrameworksBuildPhase;
			buildActionMask = 2147483647;
			files = (
			);
			runOnlyForDeploymentPostprocessing = 0;
		};
		4ABDF9B31D685C060074C249 /* Frameworks */ = {
			isa = PBXFrameworksBuildPhase;
			buildActionMask = 2147483647;
			files = (
			);
			runOnlyForDeploymentPostprocessing = 0;
		};
/* End PBXFrameworksBuildPhase section */

/* Begin PBXGroup section */
		057317B871BBFD3C380E6DBC /* Frameworks */ = {
			isa = PBXGroup;
			children = (
				9EAD7C14B0A55D8A487EF510 /* libPods-JYSDCoreText.a */,
			);
			name = Frameworks;
			sourceTree = "<group>";
		};
		4A21A0B91DD6E21B00A6DF11 /* 朋友圈 */ = {
			isa = PBXGroup;
			children = (
				4ABDFA091D6864CA0074C249 /* Controller */,
				4ABDFA0A1D6864D60074C249 /* View */,
				4ABDFA071D6864C50074C249 /* Model */,
			);
			name = "朋友圈";
			sourceTree = "<group>";
		};
		4A21A0BA1DD6E24000A6DF11 /* core animation */ = {
			isa = PBXGroup;
			children = (
				4A21A0BB1DD6E26100A6DF11 /* coreAnimationList */,
				4A21A0C01DD6E85900A6DF11 /* 基础动画 */,
				4AB55DBC1DD6FF8300FF89B6 /* 关键帧动画 */,
				4AB55DC01DD7098A00FF89B6 /* 动画组 */,
				4ADD46191DDAB5CF00D8FD74 /* 过渡动画 */,
				4ADD461D1DDAFC4C00D8FD74 /* 仿射变换 */,
				4A3643EE1DDEAD0D00477DE2 /* 综合案例 */,
			);
			name = "core animation";
			sourceTree = "<group>";
		};
		4A21A0BB1DD6E26100A6DF11 /* coreAnimationList */ = {
			isa = PBXGroup;
			children = (
				4A21A0BD1DD6E29100A6DF11 /* coreAnimationListViewController.h */,
				4A21A0BE1DD6E29100A6DF11 /* coreAnimationListViewController.m */,
			);
			name = coreAnimationList;
			sourceTree = "<group>";
		};
		4A21A0C01DD6E85900A6DF11 /* 基础动画 */ = {
			isa = PBXGroup;
			children = (
				4A21A0C11DD6E89200A6DF11 /* baseAnimationViewController.h */,
				4A21A0C21DD6E89200A6DF11 /* baseAnimationViewController.m */,
			);
			name = "基础动画";
			sourceTree = "<group>";
		};
		4A21A0C41DD6E98000A6DF11 /* tool */ = {
			isa = PBXGroup;
			children = (
				4A21A0CB1DD6EA9300A6DF11 /* configHeader.h */,
			);
			name = tool;
			sourceTree = "<group>";
		};
		4A21A0CF1DD6EBE100A6DF11 /* baseVC */ = {
			isa = PBXGroup;
			children = (
				4A21A0D01DD6EC0300A6DF11 /* TitleButton.h */,
				4A21A0D11DD6EC0300A6DF11 /* TitleButton.m */,
				4A21A0CC1DD6EB5E00A6DF11 /* baseViewController.h */,
				4A21A0CD1DD6EB5E00A6DF11 /* baseViewController.m */,
			);
			name = baseVC;
			sourceTree = "<group>";
		};
		4A3643EE1DDEAD0D00477DE2 /* 综合案例 */ = {
			isa = PBXGroup;
			children = (
				4A69AC411DDECD4E00957C7B /* Controller */,
				4A69AC421DDEF6F500957C7B /* thirdFiles */,
			);
			name = "综合案例";
			sourceTree = "<group>";
		};
		4A43A3671DA8D4DA00C22E2A /* UIButton-touch(防暴点击) */ = {
			isa = PBXGroup;
			children = (
				4A43A3681DA8D4DA00C22E2A /* UIButton+Delay.h */,
				4A43A3691DA8D4DA00C22E2A /* UIButton+Delay.m */,
				4A43A36A1DA8D4DA00C22E2A /* UIButton+touch.h */,
				4A43A36B1DA8D4DA00C22E2A /* UIButton+touch.m */,
			);
			name = "UIButton-touch(防暴点击)";
			path = "UIButton-touch";
			sourceTree = "<group>";
		};
		4A43A36E1DA8DA8700C22E2A /* Category(分类) */ = {
			isa = PBXGroup;
			children = (
				4A43A36F1DA8DAAD00C22E2A /* UIImage */,
			);
			name = "Category(分类)";
			sourceTree = "<group>";
		};
		4A43A36F1DA8DAAD00C22E2A /* UIImage */ = {
			isa = PBXGroup;
			children = (
				4A43A3701DA8DABA00C22E2A /* UIImage+Color.h */,
				4A43A3711DA8DABA00C22E2A /* UIImage+Color.m */,
			);
			name = UIImage;
			sourceTree = "<group>";
		};
		4A43A3731DA8DAD900C22E2A /* CustomButton */ = {
			isa = PBXGroup;
			children = (
				4A43A3741DA8DBAA00C22E2A /* JYSolidColorButton.h */,
				4A43A3751DA8DBAA00C22E2A /* JYSolidColorButton.m */,
			);
			name = CustomButton;
			sourceTree = "<group>";
		};
		4A503FF81D82A241001F1D7A /* LayoutTextView */ = {
			isa = PBXGroup;
			children = (
				4A503FF91D82A241001F1D7A /* LayoutTextView.h */,
				4A503FFA1D82A241001F1D7A /* LayoutTextView.m */,
			);
			path = LayoutTextView;
			sourceTree = "<group>";
		};
		4A503FFC1D82A352001F1D7A /* HCEmoji */ = {
			isa = PBXGroup;
			children = (
				4A503FFD1D82A352001F1D7A /* EmojiKeyboard */,
				4A50400C1D82A352001F1D7A /* HCHeader.h */,
				4A50400D1D82A352001F1D7A /* InputBar */,
				4A5040121D82A352001F1D7A /* Resources.bundle */,
				4A5040131D82A352001F1D7A /* Utils */,
			);
			path = HCEmoji;
			sourceTree = "<group>";
		};
		4A503FFD1D82A352001F1D7A /* EmojiKeyboard */ = {
			isa = PBXGroup;
			children = (
				4A503FFE1D82A352001F1D7A /* EmojiToolBar */,
				4A5040011D82A352001F1D7A /* EmojiView */,
				4A5040081D82A352001F1D7A /* HCEmojiKeyboard.h */,
				4A5040091D82A352001F1D7A /* HCEmojiKeyboard.m */,
				4A50400A1D82A352001F1D7A /* HCEmojiManager.h */,
				4A50400B1D82A352001F1D7A /* HCEmojiManager.m */,
			);
			path = EmojiKeyboard;
			sourceTree = "<group>";
		};
		4A503FFE1D82A352001F1D7A /* EmojiToolBar */ = {
			isa = PBXGroup;
			children = (
				4A503FFF1D82A352001F1D7A /* EmojiToolBar.h */,
				4A5040001D82A352001F1D7A /* EmojiToolBar.m */,
			);
			path = EmojiToolBar;
			sourceTree = "<group>";
		};
		4A5040011D82A352001F1D7A /* EmojiView */ = {
			isa = PBXGroup;
			children = (
				4A5040021D82A352001F1D7A /* EmojiCell.h */,
				4A5040031D82A352001F1D7A /* EmojiCell.m */,
				4A5040041D82A352001F1D7A /* EmojiCollectionView.h */,
				4A5040051D82A352001F1D7A /* EmojiCollectionView.m */,
				4A5040061D82A352001F1D7A /* SinglePageEmojiCell.h */,
				4A5040071D82A352001F1D7A /* SinglePageEmojiCell.m */,
			);
			path = EmojiView;
			sourceTree = "<group>";
		};
		4A50400D1D82A352001F1D7A /* InputBar */ = {
			isa = PBXGroup;
			children = (
				4A50400E1D82A352001F1D7A /* ExpandingCell.h */,
				4A50400F1D82A352001F1D7A /* ExpandingCell.m */,
				4A5040101D82A352001F1D7A /* HCInputBar.h */,
				4A5040111D82A352001F1D7A /* HCInputBar.m */,
			);
			path = InputBar;
			sourceTree = "<group>";
		};
		4A5040131D82A352001F1D7A /* Utils */ = {
			isa = PBXGroup;
			children = (
				4A5040141D82A352001F1D7A /* UIColor+MyColor.h */,
				4A5040151D82A352001F1D7A /* UIColor+MyColor.m */,
				4A5040161D82A352001F1D7A /* UIFont+MyFont.h */,
				4A5040171D82A352001F1D7A /* UIFont+MyFont.m */,
				4A5040181D82A352001F1D7A /* UIView+Frame.h */,
				4A5040191D82A352001F1D7A /* UIView+Frame.m */,
			);
			path = Utils;
			sourceTree = "<group>";
		};
		4A69AC411DDECD4E00957C7B /* Controller */ = {
			isa = PBXGroup;
			children = (
				4A3643EF1DDEADA000477DE2 /* comprehensiveCaseViewController.h */,
				4A3643F01DDEADA000477DE2 /* comprehensiveCaseViewController.m */,
			);
			name = Controller;
			sourceTree = "<group>";
		};
		4A69AC421DDEF6F500957C7B /* thirdFiles */ = {
			isa = PBXGroup;
			children = (
				4A69AC741DDEF89D00957C7B /* Sounds */,
				4A69AC4D1DDEF89200957C7B /* image */,
				4A69AC431DDEF72000957C7B /* DCPathButton */,
				4A7F85681DE016C2001F4EC7 /* DWBubbleMenuButton */,
			);
			name = thirdFiles;
			sourceTree = "<group>";
		};
		4A69AC431DDEF72000957C7B /* DCPathButton */ = {
			isa = PBXGroup;
			children = (
				4A69AC441DDEF72000957C7B /* DCPathButton.h */,
				4A69AC451DDEF72000957C7B /* DCPathButton.m */,
				4A69AC461DDEF72000957C7B /* DCPathCenterButton.h */,
				4A69AC471DDEF72000957C7B /* DCPathCenterButton.m */,
				4A69AC481DDEF72000957C7B /* DCPathItemButton.h */,
				4A69AC491DDEF72000957C7B /* DCPathItemButton.m */,
			);
			path = DCPathButton;
			sourceTree = "<group>";
		};
		4A69AC4D1DDEF89200957C7B /* image */ = {
			isa = PBXGroup;
			children = (
				4A7F85731DE021ED001F4EC7 /* text.png */,
				4A69AC4E1DDEF89200957C7B /* chooser-button-input-highlighted@2x.png */,
				4A69AC4F1DDEF89200957C7B /* chooser-button-input@2x.png */,
				4A69AC501DDEF89200957C7B /* chooser-button-tab-highlighted@2x.png */,
				4A69AC511DDEF89200957C7B /* chooser-button-tab@2x.png */,
				4A69AC521DDEF89200957C7B /* chooser-moment-button-highlighted@2x.png */,
				4A69AC531DDEF89200957C7B /* chooser-moment-button@2x.png */,
				4A69AC541DDEF89200957C7B /* chooser-moment-icon-camera-highlighted@2x.png */,
				4A69AC551DDEF89200957C7B /* chooser-moment-icon-camera@2x.png */,
				4A69AC561DDEF89200957C7B /* chooser-moment-icon-music-highlighted@2x.png */,
				4A69AC571DDEF89200957C7B /* chooser-moment-icon-music@2x.png */,
				4A69AC581DDEF89200957C7B /* chooser-moment-icon-place-highlighted@2x.png */,
				4A69AC591DDEF89200957C7B /* chooser-moment-icon-place@2x.png */,
				4A69AC5A1DDEF89200957C7B /* chooser-moment-icon-sleep-highlighted@2x.png */,
				4A69AC5B1DDEF89200957C7B /* chooser-moment-icon-sleep@2x.png */,
				4A69AC5C1DDEF89200957C7B /* chooser-moment-icon-thought-highlighted@2x.png */,
				4A69AC5D1DDEF89200957C7B /* chooser-moment-icon-thought@2x.png */,
				4A69AC5E1DDEF89200957C7B /* Like-Blue@2x.png */,
				4A69AC5F1DDEF89200957C7B /* Like@2x.png */,
				4A69AC601DDEF89200957C7B /* Sparkle.png */,
			);
			path = image;
			sourceTree = "<group>";
		};
		4A69AC741DDEF89D00957C7B /* Sounds */ = {
			isa = PBXGroup;
			children = (
				4A69AC751DDEF89D00957C7B /* bloom.caf */,
				4A69AC761DDEF89D00957C7B /* fold.caf */,
				4A69AC771DDEF89D00957C7B /* selected.caf */,
			);
			path = Sounds;
			sourceTree = "<group>";
		};
		4A7E8C3D1DE05CD100EBC0BC /* New Group */ = {
			isa = PBXGroup;
			children = (
			);
			name = "New Group";
			sourceTree = "<group>";
		};
		4A7E8C3E1DE05CD400EBC0BC /* View */ = {
			isa = PBXGroup;
			children = (
				4A7E8C401DE05CF500EBC0BC /* testView.h */,
				4A7E8C411DE05CF500EBC0BC /* testView.m */,
			);
			name = View;
			sourceTree = "<group>";
		};
		4A7E8C3F1DE05CD700EBC0BC /* Controller */ = {
			isa = PBXGroup;
			children = (
				4ADD46221DDB12BB00D8FD74 /* bezierPathViewController.h */,
				4ADD46231DDB12BB00D8FD74 /* bezierPathViewController.m */,
			);
			name = Controller;
			sourceTree = "<group>";
		};
		4A7F85681DE016C2001F4EC7 /* DWBubbleMenuButton */ = {
			isa = PBXGroup;
			children = (
				4A7F856C1DE016DD001F4EC7 /* MCFireworksButton */,
				4A7F85691DE016C2001F4EC7 /* DWBubbleMenuButton.h */,
				4A7F856A1DE016C2001F4EC7 /* DWBubbleMenuButton.m */,
			);
			path = DWBubbleMenuButton;
			sourceTree = "<group>";
		};
		4A7F856C1DE016DD001F4EC7 /* MCFireworksButton */ = {
			isa = PBXGroup;
			children = (
				4A7F856D1DE016DD001F4EC7 /* MCFireworksButton.h */,
				4A7F856E1DE016DD001F4EC7 /* MCFireworksButton.m */,
				4A7F856F1DE016DD001F4EC7 /* MCFireworksView.h */,
				4A7F85701DE016DD001F4EC7 /* MCFireworksView.m */,
			);
			path = MCFireworksButton;
			sourceTree = "<group>";
		};
		4A7F85751DE02635001F4EC7 /* 杂项 */ = {
			isa = PBXGroup;
			children = (
				4A7F85761DE026B4001F4EC7 /* yaWeiImageViewController.h */,
				4A7F85771DE026B4001F4EC7 /* yaWeiImageViewController.m */,
			);
			name = "杂项";
			sourceTree = "<group>";
		};
		4A7F85791DE02767001F4EC7 /* A-GUIDE-TO-iOS-ANIMATION */ = {
			isa = PBXGroup;
			children = (
				4A7F857A1DE027B6001F4EC7 /* A-GuideToIOSAnimationViewController.h */,
				4A7F857B1DE027B6001F4EC7 /* A-GuideToIOSAnimationViewController.m */,
			);
			name = "A-GUIDE-TO-iOS-ANIMATION";
			sourceTree = "<group>";
		};
		4AB55DBC1DD6FF8300FF89B6 /* 关键帧动画 */ = {
			isa = PBXGroup;
			children = (
				4AB55DBD1DD6FFAF00FF89B6 /* keyFrameAnimationViewController.h */,
				4AB55DBE1DD6FFAF00FF89B6 /* keyFrameAnimationViewController.m */,
			);
			name = "关键帧动画";
			sourceTree = "<group>";
		};
		4AB55DC01DD7098A00FF89B6 /* 动画组 */ = {
			isa = PBXGroup;
			children = (
				4AB55DC11DD709C400FF89B6 /* groupAnimationViewController.h */,
				4AB55DC21DD709C400FF89B6 /* groupAnimationViewController.m */,
			);
			name = "动画组";
			sourceTree = "<group>";
		};
		4ABDF9891D685C060074C249 = {
			isa = PBXGroup;
			children = (
				4ABDF9941D685C060074C249 /* JYSDCoreText */,
				4A21A0C41DD6E98000A6DF11 /* tool */,
				4ABDF9C81D685E870074C249 /* lib */,
				4A43A36E1DA8DA8700C22E2A /* Category(分类) */,
				4A43A3731DA8DAD900C22E2A /* CustomButton */,
				4ABDF9AE1D685C060074C249 /* JYSDCoreTextTests */,
				4ABDF9B91D685C060074C249 /* JYSDCoreTextUITests */,
				4ABDF9931D685C060074C249 /* Products */,
				4C8939396462CFAF5375F887 /* Pods */,
				057317B871BBFD3C380E6DBC /* Frameworks */,
			);
			sourceTree = "<group>";
		};
		4ABDF9931D685C060074C249 /* Products */ = {
			isa = PBXGroup;
			children = (
				4ABDF9921D685C060074C249 /* JYSDCoreText.app */,
				4ABDF9AB1D685C060074C249 /* JYSDCoreTextTests.xctest */,
				4ABDF9B61D685C060074C249 /* JYSDCoreTextUITests.xctest */,
			);
			name = Products;
			sourceTree = "<group>";
		};
		4ABDF9941D685C060074C249 /* JYSDCoreText */ = {
			isa = PBXGroup;
			children = (
				4ABDF9981D685C060074C249 /* AppDelegate.h */,
				4ABDF9991D685C060074C249 /* AppDelegate.m */,
				4ABDF99B1D685C060074C249 /* ViewController.h */,
				4ABDF99C1D685C060074C249 /* ViewController.m */,
				4A21A0CF1DD6EBE100A6DF11 /* baseVC */,
				4A7F85751DE02635001F4EC7 /* 杂项 */,
				4ABDFA061D6864AC0074C249 /* 朋友圈 */,
				4A21A0BA1DD6E24000A6DF11 /* core animation */,
				4ADD46211DDB126F00D8FD74 /* bezierPath */,
				4A7F85791DE02767001F4EC7 /* A-GUIDE-TO-iOS-ANIMATION */,
				4ABDF99E1D685C060074C249 /* Main.storyboard */,
				4ABDF9A11D685C060074C249 /* Assets.xcassets */,
				4ABDF9A31D685C060074C249 /* LaunchScreen.storyboard */,
				4ABDF9A61D685C060074C249 /* Info.plist */,
				4ABDF9951D685C060074C249 /* Supporting Files */,
			);
			path = JYSDCoreText;
			sourceTree = "<group>";
		};
		4ABDF9951D685C060074C249 /* Supporting Files */ = {
			isa = PBXGroup;
			children = (
				4AE94E0F1D7AC7430015EF5C /* images */,
				4ABDF9961D685C060074C249 /* main.m */,
			);
			name = "Supporting Files";
			sourceTree = "<group>";
		};
		4ABDF9AE1D685C060074C249 /* JYSDCoreTextTests */ = {
			isa = PBXGroup;
			children = (
				4ABDF9AF1D685C060074C249 /* JYSDCoreTextTests.m */,
				4ABDF9B11D685C060074C249 /* Info.plist */,
			);
			path = JYSDCoreTextTests;
			sourceTree = "<group>";
		};
		4ABDF9B91D685C060074C249 /* JYSDCoreTextUITests */ = {
			isa = PBXGroup;
			children = (
				4ABDF9BA1D685C060074C249 /* JYSDCoreTextUITests.m */,
				4ABDF9BC1D685C060074C249 /* Info.plist */,
			);
			path = JYSDCoreTextUITests;
			sourceTree = "<group>";
		};
		4ABDF9C81D685E870074C249 /* lib */ = {
			isa = PBXGroup;
			children = (
				4A43A3671DA8D4DA00C22E2A /* UIButton-touch(防暴点击) */,
				4A503FFC1D82A352001F1D7A /* HCEmoji */,
				4A503FF81D82A241001F1D7A /* LayoutTextView */,
				4AE94E391D7ADA6E0015EF5C /* SDPhotoBrowser */,
				4ABDFA001D6863990074C249 /* MBProgressHUD */,
				4ABDF9F91D68638D0074C249 /* DACircularProgress */,
				4ABDF9C91D6863350074C249 /* PYPhotoBrowser */,
			);
			name = lib;
			sourceTree = "<group>";
		};
		4ABDF9C91D6863350074C249 /* PYPhotoBrowser */ = {
			isa = PBXGroup;
			children = (
				4ABDF9CA1D6863350074C249 /* Category */,
				4ABDF9CF1D6863350074C249 /* Controller */,
				4ABDF9D81D6863350074C249 /* Model */,
				4ABDF9DB1D6863350074C249 /* Other */,
				4ABDF9E01D6863350074C249 /* PYPhotoBrowser.h */,
				4ABDF9E11D6863350074C249 /* PYPhotosView.bundle */,
				4ABDF9E21D6863350074C249 /* View */,
			);
			path = PYPhotoBrowser;
			sourceTree = "<group>";
		};
		4ABDF9CA1D6863350074C249 /* Category */ = {
			isa = PBXGroup;
			children = (
				4ABDF9CB1D6863350074C249 /* MBProgressHUD+PY.h */,
				4ABDF9CC1D6863350074C249 /* MBProgressHUD+PY.m */,
				4ABDF9CD1D6863350074C249 /* UIView+PYExtension.h */,
				4ABDF9CE1D6863350074C249 /* UIView+PYExtension.m */,
			);
			path = Category;
			sourceTree = "<group>";
		};
		4ABDF9CF1D6863350074C249 /* Controller */ = {
			isa = PBXGroup;
			children = (
				4ABDF9D01D6863350074C249 /* PYNavigationController.h */,
				4ABDF9D11D6863350074C249 /* PYNavigationController.m */,
				4ABDF9D21D6863350074C249 /* PYPhotosPreviewController.h */,
				4ABDF9D31D6863350074C249 /* PYPhotosPreviewController.m */,
				4ABDF9D41D6863350074C249 /* PYPhotosReaderController.h */,
				4ABDF9D51D6863350074C249 /* PYPhotosReaderController.m */,
				4ABDF9D61D6863350074C249 /* PYPhotosViewController.h */,
				4ABDF9D71D6863350074C249 /* PYPhotosViewController.m */,
			);
			path = Controller;
			sourceTree = "<group>";
		};
		4ABDF9D81D6863350074C249 /* Model */ = {
			isa = PBXGroup;
			children = (
				4ABDF9D91D6863350074C249 /* PYPhoto.h */,
				4ABDF9DA1D6863350074C249 /* PYPhoto.m */,
			);
			path = Model;
			sourceTree = "<group>";
		};
		4ABDF9DB1D6863350074C249 /* Other */ = {
			isa = PBXGroup;
			children = (
				4ABDF9DC1D6863350074C249 /* PYConst.h */,
				4ABDF9DD1D6863350074C249 /* PYConst.m */,
				4ABDF9DE1D6863350074C249 /* PYProgressView.h */,
				4ABDF9DF1D6863350074C249 /* PYProgressView.m */,
			);
			path = Other;
			sourceTree = "<group>";
		};
		4ABDF9E21D6863350074C249 /* View */ = {
			isa = PBXGroup;
			children = (
				4ABDF9E31D6863350074C249 /* PYPhotoBrowseView.h */,
				4ABDF9E41D6863350074C249 /* PYPhotoBrowseView.m */,
				4ABDF9E51D6863350074C249 /* PYPhotoCell.h */,
				4ABDF9E61D6863350074C249 /* PYPhotoCell.m */,
				4ABDF9E71D6863350074C249 /* PYPhotosView.h */,
				4ABDF9E81D6863350074C249 /* PYPhotosView.m */,
				4ABDF9E91D6863350074C249 /* PYPhotoView.h */,
				4ABDF9EA1D6863350074C249 /* PYPhotoView.m */,
			);
			path = View;
			sourceTree = "<group>";
		};
		4ABDF9F91D68638D0074C249 /* DACircularProgress */ = {
			isa = PBXGroup;
			children = (
				4ABDF9FA1D68638D0074C249 /* DACircularProgressView.h */,
				4ABDF9FB1D68638D0074C249 /* DACircularProgressView.m */,
				4ABDF9FC1D68638D0074C249 /* DALabeledCircularProgressView.h */,
				4ABDF9FD1D68638D0074C249 /* DALabeledCircularProgressView.m */,
			);
			path = DACircularProgress;
			sourceTree = "<group>";
		};
		4ABDFA001D6863990074C249 /* MBProgressHUD */ = {
			isa = PBXGroup;
			children = (
				4ABDFA011D6863990074C249 /* MBProgressHUD.bundle */,
				4ABDFA021D6863990074C249 /* MBProgressHUD.h */,
				4ABDFA031D6863990074C249 /* MBProgressHUD.m */,
			);
			path = MBProgressHUD;
			sourceTree = "<group>";
		};
		4ABDFA061D6864AC0074C249 /* 朋友圈 */ = {
			isa = PBXGroup;
			children = (
				4A21A0B91DD6E21B00A6DF11 /* 朋友圈 */,
				4AE94E441D7AE3330015EF5C /* 发表评论 */,
			);
			name = "朋友圈";
			sourceTree = "<group>";
		};
		4ABDFA071D6864C50074C249 /* Model */ = {
			isa = PBXGroup;
			children = (
				4AE94E301D7AC9C30015EF5C /* JYPengYouQuanModel.h */,
				4AE94E311D7AC9C30015EF5C /* JYPengYouQuanModel.m */,
			);
			name = Model;
			sourceTree = "<group>";
		};
		4ABDFA091D6864CA0074C249 /* Controller */ = {
			isa = PBXGroup;
			children = (
				4AE94E091D7AC3810015EF5C /* JYPengYouQuanViewController.h */,
				4AE94E0A1D7AC3810015EF5C /* JYPengYouQuanViewController.m */,
			);
			name = Controller;
			sourceTree = "<group>";
		};
		4ABDFA0A1D6864D60074C249 /* View */ = {
			isa = PBXGroup;
			children = (
				4AE94E0C1D7AC5600015EF5C /* JYHeaderView.h */,
				4AE94E0D1D7AC5600015EF5C /* JYHeaderView.m */,
				4AE94E331D7AD1BF0015EF5C /* JYPengYouQuanCustomCell.h */,
				4AE94E341D7AD1BF0015EF5C /* JYPengYouQuanCustomCell.m */,
				4AE94E361D7AD3260015EF5C /* SDWeiXinPhotoContainerView.h */,
				4AE94E371D7AD3260015EF5C /* SDWeiXinPhotoContainerView.m */,
			);
			name = View;
			sourceTree = "<group>";
		};
		4ADD46191DDAB5CF00D8FD74 /* 过渡动画 */ = {
			isa = PBXGroup;
			children = (
				4ADD461A1DDAB7B300D8FD74 /* transitionAnimationViewController.h */,
				4ADD461B1DDAB7B300D8FD74 /* transitionAnimationViewController.m */,
			);
			name = "过渡动画";
			sourceTree = "<group>";
		};
		4ADD461D1DDAFC4C00D8FD74 /* 仿射变换 */ = {
			isa = PBXGroup;
			children = (
				4ADD461E1DDAFDB300D8FD74 /* affineTransformViewController.h */,
				4ADD461F1DDAFDB300D8FD74 /* affineTransformViewController.m */,
			);
			name = "仿射变换";
			sourceTree = "<group>";
		};
		4ADD46211DDB126F00D8FD74 /* bezierPath */ = {
			isa = PBXGroup;
			children = (
				4A7E8C3F1DE05CD700EBC0BC /* Controller */,
				4A7E8C3E1DE05CD400EBC0BC /* View */,
				4A7E8C3D1DE05CD100EBC0BC /* New Group */,
			);
			name = bezierPath;
			sourceTree = "<group>";
		};
		4AE94E0F1D7AC7430015EF5C /* images */ = {
			isa = PBXGroup;
			children = (
				4AE94E101D7AC7580015EF5C /* pbg.jpg */,
				4AE94E111D7AC7580015EF5C /* picon.jpg */,
				4AE94E121D7AC7580015EF5C /* pic5.jpg */,
				4AE94E131D7AC7580015EF5C /* pic6.jpg */,
				4AE94E141D7AC7580015EF5C /* pic7.jpg */,
				4AE94E151D7AC7580015EF5C /* pic8.jpg */,
				4AE94E161D7AC7580015EF5C /* icon0.jpg */,
				4AE94E171D7AC7580015EF5C /* icon1.jpg */,
				4AE94E181D7AC7580015EF5C /* icon2.jpg */,
				4AE94E191D7AC7580015EF5C /* icon3.jpg */,
				4AE94E1A1D7AC7580015EF5C /* icon4.jpg */,
				4AE94E1B1D7AC7580015EF5C /* pic0.jpg */,
				4AE94E1C1D7AC7580015EF5C /* pic1.jpg */,
				4AE94E1D1D7AC7580015EF5C /* pic2.jpg */,
				4AE94E1E1D7AC7580015EF5C /* pic3.jpg */,
				4AE94E1F1D7AC7580015EF5C /* pic4.jpg */,
			);
			name = images;
			sourceTree = "<group>";
		};
		4AE94E391D7ADA6E0015EF5C /* SDPhotoBrowser */ = {
			isa = PBXGroup;
			children = (
				4AE94E3A1D7ADA7C0015EF5C /* SDBrowserImageView.h */,
				4AE94E3B1D7ADA7C0015EF5C /* SDBrowserImageView.m */,
				4AE94E3C1D7ADA7C0015EF5C /* SDPhotoBrowser.h */,
				4AE94E3D1D7ADA7C0015EF5C /* SDPhotoBrowser.m */,
				4AE94E3E1D7ADA7C0015EF5C /* SDPhotoBrowserConfig.h */,
				4AE94E3F1D7ADA7C0015EF5C /* SDWaitingView.h */,
				4AE94E401D7ADA7C0015EF5C /* SDWaitingView.m */,
			);
			name = SDPhotoBrowser;
			sourceTree = "<group>";
		};
		4AE94E441D7AE3330015EF5C /* 发表评论 */ = {
			isa = PBXGroup;
			children = (
				4AE94E471D7AE3480015EF5C /* Controller */,
				4AE94E461D7AE3460015EF5C /* View */,
				4AE94E451D7AE3430015EF5C /* Model */,
			);
			name = "发表评论";
			sourceTree = "<group>";
		};
		4AE94E451D7AE3430015EF5C /* Model */ = {
			isa = PBXGroup;
			children = (
			);
			name = Model;
			sourceTree = "<group>";
		};
		4AE94E461D7AE3460015EF5C /* View */ = {
			isa = PBXGroup;
			children = (
			);
			name = View;
			sourceTree = "<group>";
		};
		4AE94E471D7AE3480015EF5C /* Controller */ = {
			isa = PBXGroup;
			children = (
				4AE94E481D7AE39A0015EF5C /* JYFaBiaoPingLunViewController.h */,
				4AE94E491D7AE39A0015EF5C /* JYFaBiaoPingLunViewController.m */,
			);
			name = Controller;
			sourceTree = "<group>";
		};
		4C8939396462CFAF5375F887 /* Pods */ = {
			isa = PBXGroup;
			children = (
				39405C16FF6D29B9C572CC15 /* Pods-JYSDCoreText.debug.xcconfig */,
				0A3AA4DF66008FCA3007009F /* Pods-JYSDCoreText.release.xcconfig */,
			);
			name = Pods;
			sourceTree = "<group>";
		};
/* End PBXGroup section */

/* Begin PBXNativeTarget section */
		4ABDF9911D685C060074C249 /* JYSDCoreText */ = {
			isa = PBXNativeTarget;
			buildConfigurationList = 4ABDF9BF1D685C060074C249 /* Build configuration list for PBXNativeTarget "JYSDCoreText" */;
			buildPhases = (
				5CEC76C3B16367D76C62B892 /* [CP] Check Pods Manifest.lock */,
				4ABDF98E1D685C060074C249 /* Sources */,
				4ABDF98F1D685C060074C249 /* Frameworks */,
				4ABDF9901D685C060074C249 /* Resources */,
				FE7DA4674068E6B330E7907C /* [CP] Embed Pods Frameworks */,
				9B7D213C67083650F0D963DA /* [CP] Copy Pods Resources */,
			);
			buildRules = (
			);
			dependencies = (
			);
			name = JYSDCoreText;
			productName = JYSDCoreText;
			productReference = 4ABDF9921D685C060074C249 /* JYSDCoreText.app */;
			productType = "com.apple.product-type.application";
		};
		4ABDF9AA1D685C060074C249 /* JYSDCoreTextTests */ = {
			isa = PBXNativeTarget;
			buildConfigurationList = 4ABDF9C21D685C060074C249 /* Build configuration list for PBXNativeTarget "JYSDCoreTextTests" */;
			buildPhases = (
				4ABDF9A71D685C060074C249 /* Sources */,
				4ABDF9A81D685C060074C249 /* Frameworks */,
				4ABDF9A91D685C060074C249 /* Resources */,
			);
			buildRules = (
			);
			dependencies = (
				4ABDF9AD1D685C060074C249 /* PBXTargetDependency */,
			);
			name = JYSDCoreTextTests;
			productName = JYSDCoreTextTests;
			productReference = 4ABDF9AB1D685C060074C249 /* JYSDCoreTextTests.xctest */;
			productType = "com.apple.product-type.bundle.unit-test";
		};
		4ABDF9B51D685C060074C249 /* JYSDCoreTextUITests */ = {
			isa = PBXNativeTarget;
			buildConfigurationList = 4ABDF9C51D685C060074C249 /* Build configuration list for PBXNativeTarget "JYSDCoreTextUITests" */;
			buildPhases = (
				4ABDF9B21D685C060074C249 /* Sources */,
				4ABDF9B31D685C060074C249 /* Frameworks */,
				4ABDF9B41D685C060074C249 /* Resources */,
			);
			buildRules = (
			);
			dependencies = (
				4ABDF9B81D685C060074C249 /* PBXTargetDependency */,
			);
			name = JYSDCoreTextUITests;
			productName = JYSDCoreTextUITests;
			productReference = 4ABDF9B61D685C060074C249 /* JYSDCoreTextUITests.xctest */;
			productType = "com.apple.product-type.bundle.ui-testing";
		};
/* End PBXNativeTarget section */

/* Begin PBXProject section */
		4ABDF98A1D685C060074C249 /* Project object */ = {
			isa = PBXProject;
			attributes = {
				LastUpgradeCheck = 0720;
				ORGANIZATIONNAME = MrReYun.demo;
				TargetAttributes = {
					4ABDF9911D685C060074C249 = {
						CreatedOnToolsVersion = 7.2;
						DevelopmentTeam = W46LMX8S7P;
						ProvisioningStyle = Automatic;
					};
					4ABDF9AA1D685C060074C249 = {
						CreatedOnToolsVersion = 7.2;
						TestTargetID = 4ABDF9911D685C060074C249;
					};
					4ABDF9B51D685C060074C249 = {
						CreatedOnToolsVersion = 7.2;
						TestTargetID = 4ABDF9911D685C060074C249;
					};
				};
			};
			buildConfigurationList = 4ABDF98D1D685C060074C249 /* Build configuration list for PBXProject "JYSDCoreText" */;
			compatibilityVersion = "Xcode 3.2";
			developmentRegion = English;
			hasScannedForEncodings = 0;
			knownRegions = (
				en,
				Base,
			);
			mainGroup = 4ABDF9891D685C060074C249;
			productRefGroup = 4ABDF9931D685C060074C249 /* Products */;
			projectDirPath = "";
			projectRoot = "";
			targets = (
				4ABDF9911D685C060074C249 /* JYSDCoreText */,
				4ABDF9AA1D685C060074C249 /* JYSDCoreTextTests */,
				4ABDF9B51D685C060074C249 /* JYSDCoreTextUITests */,
			);
		};
/* End PBXProject section */

/* Begin PBXResourcesBuildPhase section */
		4ABDF9901D685C060074C249 /* Resources */ = {
			isa = PBXResourcesBuildPhase;
			buildActionMask = 2147483647;
			files = (
				4AE94E221D7AC7580015EF5C /* pic5.jpg in Resources */,
				4ABDF9F41D6863350074C249 /* PYPhotosView.bundle in Resources */,
				4A69AC781DDEF89D00957C7B /* bloom.caf in Resources */,
				4A69AC6E1DDEF89200957C7B /* chooser-moment-icon-sleep@2x.png in Resources */,
				4A69AC6D1DDEF89200957C7B /* chooser-moment-icon-sleep-highlighted@2x.png in Resources */,
				4A69AC6A1DDEF89200957C7B /* chooser-moment-icon-music@2x.png in Resources */,
				4A69AC721DDEF89200957C7B /* Like@2x.png in Resources */,
				4A69AC661DDEF89200957C7B /* chooser-moment-button@2x.png in Resources */,
				4A69AC6C1DDEF89200957C7B /* chooser-moment-icon-place@2x.png in Resources */,
				4A69AC7A1DDEF89D00957C7B /* selected.caf in Resources */,
				4ABDF9A51D685C060074C249 /* LaunchScreen.storyboard in Resources */,
				4A69AC791DDEF89D00957C7B /* fold.caf in Resources */,
				4A69AC731DDEF89200957C7B /* Sparkle.png in Resources */,
				4AE94E271D7AC7580015EF5C /* icon1.jpg in Resources */,
				4A69AC651DDEF89200957C7B /* chooser-moment-button-highlighted@2x.png in Resources */,
				4A69AC671DDEF89200957C7B /* chooser-moment-icon-camera-highlighted@2x.png in Resources */,
				4AE94E2C1D7AC7580015EF5C /* pic1.jpg in Resources */,
				4ABDFA041D6863990074C249 /* MBProgressHUD.bundle in Resources */,
				4A69AC611DDEF89200957C7B /* chooser-button-input-highlighted@2x.png in Resources */,
				4A7F85741DE021ED001F4EC7 /* text.png in Resources */,
				4AE94E2E1D7AC7580015EF5C /* pic3.jpg in Resources */,
				4AE94E2A1D7AC7580015EF5C /* icon4.jpg in Resources */,
				4A69AC621DDEF89200957C7B /* chooser-button-input@2x.png in Resources */,
				4A69AC641DDEF89200957C7B /* chooser-button-tab@2x.png in Resources */,
				4A69AC631DDEF89200957C7B /* chooser-button-tab-highlighted@2x.png in Resources */,
				4AE94E2D1D7AC7580015EF5C /* pic2.jpg in Resources */,
				4AE94E281D7AC7580015EF5C /* icon2.jpg in Resources */,
				4AE94E2F1D7AC7580015EF5C /* pic4.jpg in Resources */,
				4AE94E231D7AC7580015EF5C /* pic6.jpg in Resources */,
				4A69AC711DDEF89200957C7B /* Like-Blue@2x.png in Resources */,
				4AE94E261D7AC7580015EF5C /* icon0.jpg in Resources */,
				4A5040221D82A352001F1D7A /* Resources.bundle in Resources */,
				4AE94E201D7AC7580015EF5C /* pbg.jpg in Resources */,
				4AE94E241D7AC7580015EF5C /* pic7.jpg in Resources */,
				4ABDF9A21D685C060074C249 /* Assets.xcassets in Resources */,
				4A69AC681DDEF89200957C7B /* chooser-moment-icon-camera@2x.png in Resources */,
				4A69AC701DDEF89200957C7B /* chooser-moment-icon-thought@2x.png in Resources */,
				4A69AC6F1DDEF89200957C7B /* chooser-moment-icon-thought-highlighted@2x.png in Resources */,
				4AE94E211D7AC7580015EF5C /* picon.jpg in Resources */,
				4AE94E2B1D7AC7580015EF5C /* pic0.jpg in Resources */,
				4AE94E251D7AC7580015EF5C /* pic8.jpg in Resources */,
				4A69AC691DDEF89200957C7B /* chooser-moment-icon-music-highlighted@2x.png in Resources */,
				4ABDF9A01D685C060074C249 /* Main.storyboard in Resources */,
				4AE94E291D7AC7580015EF5C /* icon3.jpg in Resources */,
				4A69AC6B1DDEF89200957C7B /* chooser-moment-icon-place-highlighted@2x.png in Resources */,
			);
			runOnlyForDeploymentPostprocessing = 0;
		};
		4ABDF9A91D685C060074C249 /* Resources */ = {
			isa = PBXResourcesBuildPhase;
			buildActionMask = 2147483647;
			files = (
			);
			runOnlyForDeploymentPostprocessing = 0;
		};
		4ABDF9B41D685C060074C249 /* Resources */ = {
			isa = PBXResourcesBuildPhase;
			buildActionMask = 2147483647;
			files = (
			);
			runOnlyForDeploymentPostprocessing = 0;
		};
/* End PBXResourcesBuildPhase section */

/* Begin PBXShellScriptBuildPhase section */
		5CEC76C3B16367D76C62B892 /* [CP] Check Pods Manifest.lock */ = {
			isa = PBXShellScriptBuildPhase;
			buildActionMask = 2147483647;
			files = (
			);
			inputPaths = (
			);
			name = "[CP] Check Pods Manifest.lock";
			outputPaths = (
			);
			runOnlyForDeploymentPostprocessing = 0;
			shellPath = /bin/sh;
			shellScript = "diff \"${PODS_ROOT}/../Podfile.lock\" \"${PODS_ROOT}/Manifest.lock\" > /dev/null\nif [[ $? != 0 ]] ; then\n    cat << EOM\nerror: The sandbox is not in sync with the Podfile.lock. Run 'pod install' or update your CocoaPods installation.\nEOM\n    exit 1\nfi\n";
			showEnvVarsInLog = 0;
		};
		9B7D213C67083650F0D963DA /* [CP] Copy Pods Resources */ = {
			isa = PBXShellScriptBuildPhase;
			buildActionMask = 2147483647;
			files = (
			);
			inputPaths = (
			);
			name = "[CP] Copy Pods Resources";
			outputPaths = (
			);
			runOnlyForDeploymentPostprocessing = 0;
			shellPath = /bin/sh;
			shellScript = "\"${SRCROOT}/Pods/Target Support Files/Pods-JYSDCoreText/Pods-JYSDCoreText-resources.sh\"\n";
			showEnvVarsInLog = 0;
		};
		FE7DA4674068E6B330E7907C /* [CP] Embed Pods Frameworks */ = {
			isa = PBXShellScriptBuildPhase;
			buildActionMask = 2147483647;
			files = (
			);
			inputPaths = (
			);
			name = "[CP] Embed Pods Frameworks";
			outputPaths = (
			);
			runOnlyForDeploymentPostprocessing = 0;
			shellPath = /bin/sh;
			shellScript = "\"${SRCROOT}/Pods/Target Support Files/Pods-JYSDCoreText/Pods-JYSDCoreText-frameworks.sh\"\n";
			showEnvVarsInLog = 0;
		};
/* End PBXShellScriptBuildPhase section */

/* Begin PBXSourcesBuildPhase section */
		4ABDF98E1D685C060074C249 /* Sources */ = {
			isa = PBXSourcesBuildPhase;
			buildActionMask = 2147483647;
			files = (
				4A5040201D82A352001F1D7A /* ExpandingCell.m in Sources */,
				4A503FFB1D82A241001F1D7A /* LayoutTextView.m in Sources */,
				4AE94E351D7AD1BF0015EF5C /* JYPengYouQuanCustomCell.m in Sources */,
				4ABDF9F71D6863350074C249 /* PYPhotosView.m in Sources */,
				4AE94E381D7AD3260015EF5C /* SDWeiXinPhotoContainerView.m in Sources */,
				4A43A36D1DA8D4DA00C22E2A /* UIButton+touch.m in Sources */,
				4A21A0D21DD6EC0300A6DF11 /* TitleButton.m in Sources */,
				4A50401D1D82A352001F1D7A /* SinglePageEmojiCell.m in Sources */,
				4AE94E4A1D7AE39A0015EF5C /* JYFaBiaoPingLunViewController.m in Sources */,
				4ABDF9FF1D68638D0074C249 /* DALabeledCircularProgressView.m in Sources */,
				4A5040251D82A352001F1D7A /* UIView+Frame.m in Sources */,
				4AE94E411D7ADA7C0015EF5C /* SDBrowserImageView.m in Sources */,
				4ABDF9F31D6863350074C249 /* PYProgressView.m in Sources */,
				4ABDF9F61D6863350074C249 /* PYPhotoCell.m in Sources */,
				4ADD46201DDAFDB300D8FD74 /* affineTransformViewController.m in Sources */,
				4ADD46241DDB12BB00D8FD74 /* bezierPathViewController.m in Sources */,
				4A69AC4C1DDEF72000957C7B /* DCPathItemButton.m in Sources */,
				4A7F85781DE026B4001F4EC7 /* yaWeiImageViewController.m in Sources */,
				4AE94E0E1D7AC5600015EF5C /* JYHeaderView.m in Sources */,
				4AE94E421D7ADA7C0015EF5C /* SDPhotoBrowser.m in Sources */,
				4AB55DBF1DD6FFAF00FF89B6 /* keyFrameAnimationViewController.m in Sources */,
				4A50401C1D82A352001F1D7A /* EmojiCollectionView.m in Sources */,
				4ABDF99D1D685C060074C249 /* ViewController.m in Sources */,
				4ABDF9F11D6863350074C249 /* PYPhoto.m in Sources */,
				4ABDF99A1D685C060074C249 /* AppDelegate.m in Sources */,
				4A5040241D82A352001F1D7A /* UIFont+MyFont.m in Sources */,
				4A69AC4B1DDEF72000957C7B /* DCPathCenterButton.m in Sources */,
				4ABDFA051D6863990074C249 /* MBProgressHUD.m in Sources */,
				4ABDF9F81D6863350074C249 /* PYPhotoView.m in Sources */,
				4A50401F1D82A352001F1D7A /* HCEmojiManager.m in Sources */,
				4A21A0CE1DD6EB5E00A6DF11 /* baseViewController.m in Sources */,
				4ABDF9EF1D6863350074C249 /* PYPhotosReaderController.m in Sources */,
				4A3643F11DDEADA000477DE2 /* comprehensiveCaseViewController.m in Sources */,
				4ABDF9EB1D6863350074C249 /* MBProgressHUD+PY.m in Sources */,
				4A43A3721DA8DABA00C22E2A /* UIImage+Color.m in Sources */,
				4ABDF9EE1D6863350074C249 /* PYPhotosPreviewController.m in Sources */,
				4ABDF9F01D6863350074C249 /* PYPhotosViewController.m in Sources */,
				4A7F857C1DE027B6001F4EC7 /* A-GuideToIOSAnimationViewController.m in Sources */,
				4A50401A1D82A352001F1D7A /* EmojiToolBar.m in Sources */,
				4A7F85711DE016DD001F4EC7 /* MCFireworksButton.m in Sources */,
				4ABDF9F21D6863350074C249 /* PYConst.m in Sources */,
				4AE94E321D7AC9C30015EF5C /* JYPengYouQuanModel.m in Sources */,
				4AE94E431D7ADA7C0015EF5C /* SDWaitingView.m in Sources */,
				4AB55DC31DD709C400FF89B6 /* groupAnimationViewController.m in Sources */,
				4AE94E0B1D7AC3810015EF5C /* JYPengYouQuanViewController.m in Sources */,
				4A7E8C421DE05CF500EBC0BC /* testView.m in Sources */,
				4ABDF9971D685C060074C249 /* main.m in Sources */,
				4A7F856B1DE016C2001F4EC7 /* DWBubbleMenuButton.m in Sources */,
				4A50401E1D82A352001F1D7A /* HCEmojiKeyboard.m in Sources */,
				4ADD461C1DDAB7B300D8FD74 /* transitionAnimationViewController.m in Sources */,
				4ABDF9FE1D68638D0074C249 /* DACircularProgressView.m in Sources */,
				4A50401B1D82A352001F1D7A /* EmojiCell.m in Sources */,
				4ABDF9ED1D6863350074C249 /* PYNavigationController.m in Sources */,
				4A5040211D82A352001F1D7A /* HCInputBar.m in Sources */,
				4A43A36C1DA8D4DA00C22E2A /* UIButton+Delay.m in Sources */,
				4A21A0C31DD6E89200A6DF11 /* baseAnimationViewController.m in Sources */,
				4A43A3761DA8DBAA00C22E2A /* JYSolidColorButton.m in Sources */,
				4A5040231D82A352001F1D7A /* UIColor+MyColor.m in Sources */,
				4A7F85721DE016DD001F4EC7 /* MCFireworksView.m in Sources */,
				4A21A0BF1DD6E29100A6DF11 /* coreAnimationListViewController.m in Sources */,
				4ABDF9F51D6863350074C249 /* PYPhotoBrowseView.m in Sources */,
				4A69AC4A1DDEF72000957C7B /* DCPathButton.m in Sources */,
				4ABDF9EC1D6863350074C249 /* UIView+PYExtension.m in Sources */,
			);
			runOnlyForDeploymentPostprocessing = 0;
		};
		4ABDF9A71D685C060074C249 /* Sources */ = {
			isa = PBXSourcesBuildPhase;
			buildActionMask = 2147483647;
			files = (
				4ABDF9B01D685C060074C249 /* JYSDCoreTextTests.m in Sources */,
			);
			runOnlyForDeploymentPostprocessing = 0;
		};
		4ABDF9B21D685C060074C249 /* Sources */ = {
			isa = PBXSourcesBuildPhase;
			buildActionMask = 2147483647;
			files = (
				4ABDF9BB1D685C060074C249 /* JYSDCoreTextUITests.m in Sources */,
			);
			runOnlyForDeploymentPostprocessing = 0;
		};
/* End PBXSourcesBuildPhase section */

/* Begin PBXTargetDependency section */
		4ABDF9AD1D685C060074C249 /* PBXTargetDependency */ = {
			isa = PBXTargetDependency;
			target = 4ABDF9911D685C060074C249 /* JYSDCoreText */;
			targetProxy = 4ABDF9AC1D685C060074C249 /* PBXContainerItemProxy */;
		};
		4ABDF9B81D685C060074C249 /* PBXTargetDependency */ = {
			isa = PBXTargetDependency;
			target = 4ABDF9911D685C060074C249 /* JYSDCoreText */;
			targetProxy = 4ABDF9B71D685C060074C249 /* PBXContainerItemProxy */;
		};
/* End PBXTargetDependency section */

/* Begin PBXVariantGroup section */
		4ABDF99E1D685C060074C249 /* Main.storyboard */ = {
			isa = PBXVariantGroup;
			children = (
				4ABDF99F1D685C060074C249 /* Base */,
			);
			name = Main.storyboard;
			sourceTree = "<group>";
		};
		4ABDF9A31D685C060074C249 /* LaunchScreen.storyboard */ = {
			isa = PBXVariantGroup;
			children = (
				4ABDF9A41D685C060074C249 /* Base */,
			);
			name = LaunchScreen.storyboard;
			sourceTree = "<group>";
		};
/* End PBXVariantGroup section */

/* Begin XCBuildConfiguration section */
		4ABDF9BD1D685C060074C249 /* Debug */ = {
			isa = XCBuildConfiguration;
			buildSettings = {
				ALWAYS_SEARCH_USER_PATHS = NO;
				CLANG_CXX_LANGUAGE_STANDARD = "gnu++0x";
				CLANG_CXX_LIBRARY = "libc++";
				CLANG_ENABLE_MODULES = YES;
				CLANG_ENABLE_OBJC_ARC = YES;
				CLANG_WARN_BOOL_CONVERSION = YES;
				CLANG_WARN_CONSTANT_CONVERSION = YES;
				CLANG_WARN_DIRECT_OBJC_ISA_USAGE = YES_ERROR;
				CLANG_WARN_EMPTY_BODY = YES;
				CLANG_WARN_ENUM_CONVERSION = YES;
				CLANG_WARN_INT_CONVERSION = YES;
				CLANG_WARN_OBJC_ROOT_CLASS = YES_ERROR;
				CLANG_WARN_UNREACHABLE_CODE = YES;
				CLANG_WARN__DUPLICATE_METHOD_MATCH = YES;
				"CODE_SIGN_IDENTITY[sdk=iphoneos*]" = "iPhone Developer";
				COPY_PHASE_STRIP = NO;
				DEBUG_INFORMATION_FORMAT = dwarf;
				ENABLE_STRICT_OBJC_MSGSEND = YES;
				ENABLE_TESTABILITY = YES;
				GCC_C_LANGUAGE_STANDARD = gnu99;
				GCC_DYNAMIC_NO_PIC = NO;
				GCC_NO_COMMON_BLOCKS = YES;
				GCC_OPTIMIZATION_LEVEL = 0;
				GCC_PREPROCESSOR_DEFINITIONS = (
					"DEBUG=1",
					"$(inherited)",
				);
				GCC_WARN_64_TO_32_BIT_CONVERSION = YES;
				GCC_WARN_ABOUT_RETURN_TYPE = YES_ERROR;
				GCC_WARN_UNDECLARED_SELECTOR = YES;
				GCC_WARN_UNINITIALIZED_AUTOS = YES_AGGRESSIVE;
				GCC_WARN_UNUSED_FUNCTION = YES;
				GCC_WARN_UNUSED_VARIABLE = YES;
				IPHONEOS_DEPLOYMENT_TARGET = 9.2;
				MTL_ENABLE_DEBUG_INFO = YES;
				ONLY_ACTIVE_ARCH = YES;
				SDKROOT = iphoneos;
			};
			name = Debug;
		};
		4ABDF9BE1D685C060074C249 /* Release */ = {
			isa = XCBuildConfiguration;
			buildSettings = {
				ALWAYS_SEARCH_USER_PATHS = NO;
				CLANG_CXX_LANGUAGE_STANDARD = "gnu++0x";
				CLANG_CXX_LIBRARY = "libc++";
				CLANG_ENABLE_MODULES = YES;
				CLANG_ENABLE_OBJC_ARC = YES;
				CLANG_WARN_BOOL_CONVERSION = YES;
				CLANG_WARN_CONSTANT_CONVERSION = YES;
				CLANG_WARN_DIRECT_OBJC_ISA_USAGE = YES_ERROR;
				CLANG_WARN_EMPTY_BODY = YES;
				CLANG_WARN_ENUM_CONVERSION = YES;
				CLANG_WARN_INT_CONVERSION = YES;
				CLANG_WARN_OBJC_ROOT_CLASS = YES_ERROR;
				CLANG_WARN_UNREACHABLE_CODE = YES;
				CLANG_WARN__DUPLICATE_METHOD_MATCH = YES;
				"CODE_SIGN_IDENTITY[sdk=iphoneos*]" = "iPhone Developer";
				COPY_PHASE_STRIP = NO;
				DEBUG_INFORMATION_FORMAT = "dwarf-with-dsym";
				ENABLE_NS_ASSERTIONS = NO;
				ENABLE_STRICT_OBJC_MSGSEND = YES;
				GCC_C_LANGUAGE_STANDARD = gnu99;
				GCC_NO_COMMON_BLOCKS = YES;
				GCC_WARN_64_TO_32_BIT_CONVERSION = YES;
				GCC_WARN_ABOUT_RETURN_TYPE = YES_ERROR;
				GCC_WARN_UNDECLARED_SELECTOR = YES;
				GCC_WARN_UNINITIALIZED_AUTOS = YES_AGGRESSIVE;
				GCC_WARN_UNUSED_FUNCTION = YES;
				GCC_WARN_UNUSED_VARIABLE = YES;
				IPHONEOS_DEPLOYMENT_TARGET = 9.2;
				MTL_ENABLE_DEBUG_INFO = NO;
				SDKROOT = iphoneos;
				VALIDATE_PRODUCT = YES;
			};
			name = Release;
		};
		4ABDF9C01D685C060074C249 /* Debug */ = {
			isa = XCBuildConfiguration;
			baseConfigurationReference = 39405C16FF6D29B9C572CC15 /* Pods-JYSDCoreText.debug.xcconfig */;
			buildSettings = {
				ASSETCATALOG_COMPILER_APPICON_NAME = AppIcon;
				CODE_SIGN_IDENTITY = "iPhone Developer: 13718122642@163.com (74B2TWKE39)";
				"CODE_SIGN_IDENTITY[sdk=iphoneos*]" = "iPhone Developer";
				DEVELOPMENT_TEAM = W46LMX8S7P;
				INFOPLIST_FILE = JYSDCoreText/Info.plist;
				IPHONEOS_DEPLOYMENT_TARGET = 9.0;
				LD_RUNPATH_SEARCH_PATHS = "$(inherited) @executable_path/Frameworks";
				PRODUCT_BUNDLE_IDENTIFIER = com.ReYun.JYSDCoreText.new;
				PRODUCT_NAME = "$(TARGET_NAME)";
			};
			name = Debug;
		};
		4ABDF9C11D685C060074C249 /* Release */ = {
			isa = XCBuildConfiguration;
			baseConfigurationReference = 0A3AA4DF66008FCA3007009F /* Pods-JYSDCoreText.release.xcconfig */;
			buildSettings = {
				ASSETCATALOG_COMPILER_APPICON_NAME = AppIcon;
				CODE_SIGN_IDENTITY = "iPhone Developer";
				"CODE_SIGN_IDENTITY[sdk=iphoneos*]" = "iPhone Developer";
				DEVELOPMENT_TEAM = W46LMX8S7P;
				INFOPLIST_FILE = JYSDCoreText/Info.plist;
				IPHONEOS_DEPLOYMENT_TARGET = 9.0;
				LD_RUNPATH_SEARCH_PATHS = "$(inherited) @executable_path/Frameworks";
				PRODUCT_BUNDLE_IDENTIFIER = com.ReYun.JYSDCoreText.new;
				PRODUCT_NAME = "$(TARGET_NAME)";
			};
			name = Release;
		};
		4ABDF9C31D685C060074C249 /* Debug */ = {
			isa = XCBuildConfiguration;
			buildSettings = {
				BUNDLE_LOADER = "$(TEST_HOST)";
				INFOPLIST_FILE = JYSDCoreTextTests/Info.plist;
				LD_RUNPATH_SEARCH_PATHS = "$(inherited) @executable_path/Frameworks @loader_path/Frameworks";
				PRODUCT_BUNDLE_IDENTIFIER = com.ReYun.JYSDCoreTextTests;
				PRODUCT_NAME = "$(TARGET_NAME)";
				TEST_HOST = "$(BUILT_PRODUCTS_DIR)/JYSDCoreText.app/JYSDCoreText";
			};
			name = Debug;
		};
		4ABDF9C41D685C060074C249 /* Release */ = {
			isa = XCBuildConfiguration;
			buildSettings = {
				BUNDLE_LOADER = "$(TEST_HOST)";
				INFOPLIST_FILE = JYSDCoreTextTests/Info.plist;
				LD_RUNPATH_SEARCH_PATHS = "$(inherited) @executable_path/Frameworks @loader_path/Frameworks";
				PRODUCT_BUNDLE_IDENTIFIER = com.ReYun.JYSDCoreTextTests;
				PRODUCT_NAME = "$(TARGET_NAME)";
				TEST_HOST = "$(BUILT_PRODUCTS_DIR)/JYSDCoreText.app/JYSDCoreText";
			};
			name = Release;
		};
		4ABDF9C61D685C060074C249 /* Debug */ = {
			isa = XCBuildConfiguration;
			buildSettings = {
				INFOPLIST_FILE = JYSDCoreTextUITests/Info.plist;
				LD_RUNPATH_SEARCH_PATHS = "$(inherited) @executable_path/Frameworks @loader_path/Frameworks";
				PRODUCT_BUNDLE_IDENTIFIER = com.ReYun.JYSDCoreTextUITests;
				PRODUCT_NAME = "$(TARGET_NAME)";
				TEST_TARGET_NAME = JYSDCoreText;
				USES_XCTRUNNER = YES;
			};
			name = Debug;
		};
		4ABDF9C71D685C060074C249 /* Release */ = {
			isa = XCBuildConfiguration;
			buildSettings = {
				INFOPLIST_FILE = JYSDCoreTextUITests/Info.plist;
				LD_RUNPATH_SEARCH_PATHS = "$(inherited) @executable_path/Frameworks @loader_path/Frameworks";
				PRODUCT_BUNDLE_IDENTIFIER = com.ReYun.JYSDCoreTextUITests;
				PRODUCT_NAME = "$(TARGET_NAME)";
				TEST_TARGET_NAME = JYSDCoreText;
				USES_XCTRUNNER = YES;
			};
			name = Release;
		};
/* End XCBuildConfiguration section */

/* Begin XCConfigurationList section */
		4ABDF98D1D685C060074C249 /* Build configuration list for PBXProject "JYSDCoreText" */ = {
			isa = XCConfigurationList;
			buildConfigurations = (
				4ABDF9BD1D685C060074C249 /* Debug */,
				4ABDF9BE1D685C060074C249 /* Release */,
			);
			defaultConfigurationIsVisible = 0;
			defaultConfigurationName = Release;
		};
		4ABDF9BF1D685C060074C249 /* Build configuration list for PBXNativeTarget "JYSDCoreText" */ = {
			isa = XCConfigurationList;
			buildConfigurations = (
				4ABDF9C01D685C060074C249 /* Debug */,
				4ABDF9C11D685C060074C249 /* Release */,
			);
			defaultConfigurationIsVisible = 0;
			defaultConfigurationName = Release;
		};
		4ABDF9C21D685C060074C249 /* Build configuration list for PBXNativeTarget "JYSDCoreTextTests" */ = {
			isa = XCConfigurationList;
			buildConfigurations = (
				4ABDF9C31D685C060074C249 /* Debug */,
				4ABDF9C41D685C060074C249 /* Release */,
			);
			defaultConfigurationIsVisible = 0;
			defaultConfigurationName = Release;
		};
		4ABDF9C51D685C060074C249 /* Build configuration list for PBXNativeTarget "JYSDCoreTextUITests" */ = {
			isa = XCConfigurationList;
			buildConfigurations = (
				4ABDF9C61D685C060074C249 /* Debug */,
				4ABDF9C71D685C060074C249 /* Release */,
			);
			defaultConfigurationIsVisible = 0;
			defaultConfigurationName = Release;
		};
/* End XCConfigurationList section */
	};
	rootObject = 4ABDF98A1D685C060074C249 /* Project object */;
}
